// !$*UTF8*$!
{
	archiveVersion = 1;
	classes = {
	};
	objectVersion = 77;
	objects = {

/* Begin PBXBuildFile section */
		02F49E38EAA6B05B5B6E7BB0 /* MaintenanceScheduler.swift in Sources */ = {isa = PBXBuildFile; fileRef = 0E28592DDBF7BFA26427D66A /* MaintenanceScheduler.swift */; };
		03CCE3D63051DAED03CB23DE /* AppModel.swift in Sources */ = {isa = PBXBuildFile; fileRef = 6B1C410140302F8947E4C31A /* AppModel.swift */; };
		041D8F8DA2BD852A65EECE10 /* NotificationService.swift in Sources */ = {isa = PBXBuildFile; fileRef = 26F2FCFE19355018759E2E88 /* NotificationService.swift */; };
		05F712D29B4F3BDF444C32B3 /* CapacityBar.swift in Sources */ = {isa = PBXBuildFile; fileRef = C762D5BE39976247D2390515 /* CapacityBar.swift */; };
		B11CE0D4BEEF4A9D9E4D0001 /* ExplorerCandidateDetail.swift in Sources */ = {isa = PBXBuildFile; fileRef = A11CE0D4BEEF4A9D9E4D0001 /* ExplorerCandidateDetail.swift */; };
		0F73337C6F794206C51B9B7E /* LoginItemTests.swift in Sources */ = {isa = PBXBuildFile; fileRef = EE062AE6DB95F97D8C318422 /* LoginItemTests.swift */; };
		1267FAE3D6B2CE2F14B4EA1E /* ExplorerSnapshotTreemapView.swift in Sources */ = {isa = PBXBuildFile; fileRef = 87E734C8E8DC7C76A4D9AF3A /* ExplorerSnapshotTreemapView.swift */; };
		18686331A2B756CD12599F22 /* AppRuntime.swift in Sources */ = {isa = PBXBuildFile; fileRef = F5E7867AEAC34A5EF08EF4A3 /* AppRuntime.swift */; };
		2647F71DC9189100B9FD3096 /* DuxAppDelegate.swift in Sources */ = {isa = PBXBuildFile; fileRef = 5886CE7BF8E925F97031749F /* DuxAppDelegate.swift */; };
		2DE25E271D830CD5F1372C3A /* AppActivation.swift in Sources */ = {isa = PBXBuildFile; fileRef = 0111F34C431E515A86A780F4 /* AppActivation.swift */; };
		31B4EBAA95F5CC5C76F7A21A /* CapacitySamplingScheduler.swift in Sources */ = {isa = PBXBuildFile; fileRef = DD60DEE8D3093DACB89BB3DA /* CapacitySamplingScheduler.swift */; };
		32B9F5154ED5BF5057AD265C /* ExplorerTreemapLayoutTests.swift in Sources */ = {isa = PBXBuildFile; fileRef = 92DE42239C384C2CCB3FF8C9 /* ExplorerTreemapLayoutTests.swift */; };
		379997E40D1D0F4C99B1B4FE /* DiskPressureNotificationTests.swift in Sources */ = {isa = PBXBuildFile; fileRef = E3DAEBDDCC775D01A0D8FA48 /* DiskPressureNotificationTests.swift */; };
		3937244C9B394E27C9AF99F7 /* CapacitySamplingSchedulerTests.swift in Sources */ = {isa = PBXBuildFile; fileRef = 35ED975AE2F8C3C5A18228C7 /* CapacitySamplingSchedulerTests.swift */; };
		3B97B92A1826913CFEAC3ED5 /* NotificationAuthorizationTests.swift in Sources */ = {isa = PBXBuildFile; fileRef = C5CC6787D484FCC35A64D673 /* NotificationAuthorizationTests.swift */; };
		3C46D3A8CBE75A16588EE5CF /* MenuBarLabelModeTests.swift in Sources */ = {isa = PBXBuildFile; fileRef = E004627B4660D326FE7632E2 /* MenuBarLabelModeTests.swift */; };
		3D92D4116CFA37C9023E161D /* ExplorerLiveFileActions.swift in Sources */ = {isa = PBXBuildFile; fileRef = 44CA5655F3A29195063554CC /* ExplorerLiveFileActions.swift */; };
		42CD58B9CAC44FAE445C714F /* MenuBarVisibility.swift in Sources */ = {isa = PBXBuildFile; fileRef = 5A94D886E3FFA68AA4DA2CF2 /* MenuBarVisibility.swift */; };
		456155F7AC12D70B983601FD /* StorageAccessOnboardingTests.swift in Sources */ = {isa = PBXBuildFile; fileRef = 1AFD747FBB123A9904358E0A /* StorageAccessOnboardingTests.swift */; };
		4AF950C2A6897A027867C885 /* DiskPressurePolicy.swift in Sources */ = {isa = PBXBuildFile; fileRef = E680E94BFA1DCB3FAFFC2C49 /* DiskPressurePolicy.swift */; };
		4AF950C2A6897A027867C886 /* PermanentCleanupPolicy.swift in Sources */ = {isa = PBXBuildFile; fileRef = E680E94BFA1DCB3FAFFC2C50 /* PermanentCleanupPolicy.swift */; };
		53A99BB7C2F6B03B07AE2CF6 /* MenuBarLabelMode.swift in Sources */ = {isa = PBXBuildFile; fileRef = A3EB2B2F30087D31F3248328 /* MenuBarLabelMode.swift */; };
		53C29759B7F11F41AC74A3F7 /* ExplorerScanPresentation.swift in Sources */ = {isa = PBXBuildFile; fileRef = 6AD9855FF446277F0FD7CF61 /* ExplorerScanPresentation.swift */; };
		54A8ED9BB36CC23FC6A7A9E2 /* MenuBarPopoverPresentationTests.swift in Sources */ = {isa = PBXBuildFile; fileRef = D1B0106BC09B05FB4A3315F0 /* MenuBarPopoverPresentationTests.swift */; };
		5A7D9BDF524C846F223BB6F9 /* ExplorerStorageCategoryView.swift in Sources */ = {isa = PBXBuildFile; fileRef = 804D717507C0E3DE20C223E7 /* ExplorerStorageCategoryView.swift */; };
		67FB40BBEEEFB481CBE219F9 /* ExplorerTreemapLayout.swift in Sources */ = {isa = PBXBuildFile; fileRef = ECF2BF563EFDDD94DDA963D6 /* ExplorerTreemapLayout.swift */; };
		696B9C9944AE94B7A395BEC4 /* ExplorerSnapshotBrowserTests.swift in Sources */ = {isa = PBXBuildFile; fileRef = 3C92B6919925FC7337A95A88 /* ExplorerSnapshotBrowserTests.swift */; };
		69E28EFAD6A4109B80F1FC0C /* EngineService.swift in Sources */ = {isa = PBXBuildFile; fileRef = 78A0F475B15FE85FDC5B8C9A /* EngineService.swift */; };
		6C8DE5FAA7B917CB308B752A /* LoginItemService.swift in Sources */ = {isa = PBXBuildFile; fileRef = 00F758470BCC69B6999EDFAC /* LoginItemService.swift */; };
		6D2CB0DD262B22CF018B0874 /* DuxFFI.swift in Sources */ = {isa = PBXBuildFile; fileRef = EF48DC1674437397B29209BE /* DuxFFI.swift */; };
		6E80A759C1939343E81107EC /* CapacityResampleRouter.swift in Sources */ = {isa = PBXBuildFile; fileRef = 76FE4A0BA11BA5271764EAEE /* CapacityResampleRouter.swift */; };
		7170FDE2CE91133179BABE41 /* ExplorerSnapshotBrowser.swift in Sources */ = {isa = PBXBuildFile; fileRef = 1755A317C8A40485B8BCFEC2 /* ExplorerSnapshotBrowser.swift */; };
		73134C24BA6FC45B5017B336 /* DiskPressurePolicyTests.swift in Sources */ = {isa = PBXBuildFile; fileRef = 757D490EB8939DA31C6EF02D /* DiskPressurePolicyTests.swift */; };
		793B703D206DC486C21E7D0C /* DuxFFI.xcframework in Frameworks */ = {isa = PBXBuildFile; fileRef = 56D9D007E6D5ECD0CC81FA89 /* DuxFFI.xcframework */; };
		7F8BA1A15484B594CFEBBD5B /* ExplorerSnapshotBrowserView.swift in Sources */ = {isa = PBXBuildFile; fileRef = E0D8C5C31F6E4413F4546D3B /* ExplorerSnapshotBrowserView.swift */; };
		80066EDFA86C1475A5BEE0CD /* SnapshotReviewController.swift in Sources */ = {isa = PBXBuildFile; fileRef = B352437ADF86C831A87FB1B1 /* SnapshotReviewController.swift */; };
		82252F3716D168BB22A360E9 /* MenuBarContentView.swift in Sources */ = {isa = PBXBuildFile; fileRef = D62CBDBBBB0B3CE5E59D884E /* MenuBarContentView.swift */; };
		825D292E0E5963F2686862EB /* ExplorerPresentation.swift in Sources */ = {isa = PBXBuildFile; fileRef = EBB3467558C7AE4FCE0BA425 /* ExplorerPresentation.swift */; };
		87AF9A6CCBAE4C0B4B4D6785 /* Localizable.xcstrings in Resources */ = {isa = PBXBuildFile; fileRef = 5D0DB9F7F6DF9D1645B78CA1 /* Localizable.xcstrings */; };
		89E07BE22154707102CE06E0 /* AppActivationTests.swift in Sources */ = {isa = PBXBuildFile; fileRef = B419D8788359D5B4077A88E1 /* AppActivationTests.swift */; };
		9033D6BF38DA8C7EE5FC6710 /* EngineServiceTests.swift in Sources */ = {isa = PBXBuildFile; fileRef = 00371DEF2482E0BC47D1A5D0 /* EngineServiceTests.swift */; };
		9065342E80BC5CB37AE2993A /* DiskPressureNotification.swift in Sources */ = {isa = PBXBuildFile; fileRef = C88A0AF7CE6989A83DC99EDE /* DiskPressureNotification.swift */; };
		9A55E0195EA32915D5B991E1 /* MenuBarStatusLabel.swift in Sources */ = {isa = PBXBuildFile; fileRef = 891135824269D084AB770521 /* MenuBarStatusLabel.swift */; };
		9AA4A97A210E1755232F468F /* HomeScanService.swift in Sources */ = {isa = PBXBuildFile; fileRef = F237299D63EBE1AC54C52DC7 /* HomeScanService.swift */; };
		A0C7722803205A5B40CF76E9 /* NotificationAuthorizationState.swift in Sources */ = {isa = PBXBuildFile; fileRef = 33280A17F88457163775239A /* NotificationAuthorizationState.swift */; };
		A2E4B158E99A1B2E81F2BA46 /* ExplorerSnapshotHistoryTests.swift in Sources */ = {isa = PBXBuildFile; fileRef = E2D14341C731093A7B42D184 /* ExplorerSnapshotHistoryTests.swift */; };
		A3936C11E7E090E3BDA6E986 /* EngineStatus.swift in Sources */ = {isa = PBXBuildFile; fileRef = ECB9598639A40687815737D2 /* EngineStatus.swift */; };
		B184EB4EE1399E7D26F41D7B /* VolumeMonitor.swift in Sources */ = {isa = PBXBuildFile; fileRef = CC650EAC7E25F66CC42436F6 /* VolumeMonitor.swift */; };
		B2ED4AB5CB0E06A953CAD6BB /* ExplorerStorageCategoryPresentationTests.swift in Sources */ = {isa = PBXBuildFile; fileRef = 82482B9B8D027D7C02127E94 /* ExplorerStorageCategoryPresentationTests.swift */; };
		B334563BD340D9E0B20D16D3 /* DuxApp.swift in Sources */ = {isa = PBXBuildFile; fileRef = 992E2D118DDE512C123CF820 /* DuxApp.swift */; };
		B34BE4E0B8AE46D166283EC0 /* DuxAppDelegateTests.swift in Sources */ = {isa = PBXBuildFile; fileRef = 4E504B7A8AC2DDFCF50B5EBD /* DuxAppDelegateTests.swift */; };
		B51064C365EA8AE0DDBF40E2 /* MenuBarVisibilityTests.swift in Sources */ = {isa = PBXBuildFile; fileRef = 52FFCCF28BCAB4846F17BB92 /* MenuBarVisibilityTests.swift */; };
		B5B300842B55B2131DB658FC /* VolumeMonitorTests.swift in Sources */ = {isa = PBXBuildFile; fileRef = 2FCFB814644FA433F09F5895 /* VolumeMonitorTests.swift */; };
		B81A932FB1889CC54A9615E9 /* ExplorerSnapshotHistoryAdapter.swift in Sources */ = {isa = PBXBuildFile; fileRef = 1FA2C07A281785D281E45016 /* ExplorerSnapshotHistoryAdapter.swift */; };
		BE0C954C7F8D9F0F5F93D63E /* StorageAccessOnboarding.swift in Sources */ = {isa = PBXBuildFile; fileRef = F65ABB13456CB4A703946FEE /* StorageAccessOnboarding.swift */; };
		C2C2DBC37D90A06A1A6A2485 /* ExplorerSnapshotHistory.swift in Sources */ = {isa = PBXBuildFile; fileRef = 020F1629EB87DC6B74D73119 /* ExplorerSnapshotHistory.swift */; };
		C310092B690811A25EE68AA6 /* MaintenanceSchedulerTests.swift in Sources */ = {isa = PBXBuildFile; fileRef = 2CC5DC5A1B28AAFC688385CA /* MaintenanceSchedulerTests.swift */; };
		C7DCAA20F9922B9BB2764FB7 /* MenuBarPopoverPresentation.swift in Sources */ = {isa = PBXBuildFile; fileRef = F9367596E4BB11327AFC097D /* MenuBarPopoverPresentation.swift */; };
		C80CD6D9D30C598CBBE00B11 /* DiskPressurePolicyAppModelTests.swift in Sources */ = {isa = PBXBuildFile; fileRef = F1477499EB80DB74A899DD2D /* DiskPressurePolicyAppModelTests.swift */; };
		C80CD6D9D30C598CBBE00B12 /* PermanentCleanupPolicyAppModelTests.swift in Sources */ = {isa = PBXBuildFile; fileRef = F1477499EB80DB74A899DD2E /* PermanentCleanupPolicyAppModelTests.swift */; };
		C80CD6D9D30C598CBBE00B13 /* PermanentCleanupPolicyServiceTests.swift in Sources */ = {isa = PBXBuildFile; fileRef = F1477499EB80DB74A899DD2F /* PermanentCleanupPolicyServiceTests.swift */; };
		C80CD6D9D30C598CBBE00B14 /* CleanupExclusionsTests.swift in Sources */ = {isa = PBXBuildFile; fileRef = F1477499EB80DB74A899DD30 /* CleanupExclusionsTests.swift */; };
		D026D7FC625D6956F4293FF2 /* StorageAccessProbeService.swift in Sources */ = {isa = PBXBuildFile; fileRef = 6381B23B2DFA3EB7BE8CB06C /* StorageAccessProbeService.swift */; };
		D1948288BB8C18A931312A59 /* AppScanState.swift in Sources */ = {isa = PBXBuildFile; fileRef = 9BFF59D4307552B1A1A571ED /* AppScanState.swift */; };
		D1CDD0944327D2028E123D47 /* LoginItemState.swift in Sources */ = {isa = PBXBuildFile; fileRef = 09BEEFC99984A8BEF618627B /* LoginItemState.swift */; };
		DA1ED81D9978B01C96F71C5B /* ExplorerStorageCategoryPresentation.swift in Sources */ = {isa = PBXBuildFile; fileRef = 3A4FB349E02B99F8A2C86068 /* ExplorerStorageCategoryPresentation.swift */; };
		DCF5B8FBAFD549C1DE06FCA8 /* SnapshotReviewControllerTests.swift in Sources */ = {isa = PBXBuildFile; fileRef = 0EB23A8797C0C79213B54953 /* SnapshotReviewControllerTests.swift */; };
		E0A86A133058832D8BCD65DF /* DuxSettingsView.swift in Sources */ = {isa = PBXBuildFile; fileRef = 90E79F7E2E1AE1AE3886E44C /* DuxSettingsView.swift */; };
		E81F7E7B392E1FC53DCA2694 /* ExplorerView.swift in Sources */ = {isa = PBXBuildFile; fileRef = 0C323FB00501BAB48AEB63FB /* ExplorerView.swift */; };
		C11CE0D4BEEF4A9D9E4D0001 /* ExplorerCandidateDetailTests.swift in Sources */ = {isa = PBXBuildFile; fileRef = D11CE0D4BEEF4A9D9E4D0001 /* ExplorerCandidateDetailTests.swift */; };
		FA6286B07FD264E2A7D7A755 /* ExplorerPresentationTests.swift in Sources */ = {isa = PBXBuildFile; fileRef = B0F3AFE3DD4D58E3C865B39E /* ExplorerPresentationTests.swift */; };
		FC8D3C5F78E92C1A2023D472 /* HomeScanAppModelTests.swift in Sources */ = {isa = PBXBuildFile; fileRef = 9EA478D2D65F8593B4121C24 /* HomeScanAppModelTests.swift */; };
		FF16E00002EB5CBC2AEBB6D1 /* VolumeCapacitySnapshot.swift in Sources */ = {isa = PBXBuildFile; fileRef = 682051DD7F1B44E0D477AF57 /* VolumeCapacitySnapshot.swift */; };
/* End PBXBuildFile section */

/* Begin PBXContainerItemProxy section */
		F135989ACC663FA2F5287C71 /* PBXContainerItemProxy */ = {
			isa = PBXContainerItemProxy;
			containerPortal = 03147346CE8BA5C1694FBBE4 /* Project object */;
			proxyType = 1;
			remoteGlobalIDString = E9998AED5B26818E5AE9FFBF;
			remoteInfo = Dux;
		};
/* End PBXContainerItemProxy section */

/* Begin PBXFileReference section */
		00371DEF2482E0BC47D1A5D0 /* EngineServiceTests.swift */ = {isa = PBXFileReference; lastKnownFileType = sourcecode.swift; path = EngineServiceTests.swift; sourceTree = "<group>"; };
		00F758470BCC69B6999EDFAC /* LoginItemService.swift */ = {isa = PBXFileReference; lastKnownFileType = sourcecode.swift; path = LoginItemService.swift; sourceTree = "<group>"; };
		0111F34C431E515A86A780F4 /* AppActivation.swift */ = {isa = PBXFileReference; lastKnownFileType = sourcecode.swift; path = AppActivation.swift; sourceTree = "<group>"; };
		020F1629EB87DC6B74D73119 /* ExplorerSnapshotHistory.swift */ = {isa = PBXFileReference; lastKnownFileType = sourcecode.swift; path = ExplorerSnapshotHistory.swift; sourceTree = "<group>"; };
		09BEEFC99984A8BEF618627B /* LoginItemState.swift */ = {isa = PBXFileReference; lastKnownFileType = sourcecode.swift; path = LoginItemState.swift; sourceTree = "<group>"; };
		0C323FB00501BAB48AEB63FB /* ExplorerView.swift */ = {isa = PBXFileReference; lastKnownFileType = sourcecode.swift; path = ExplorerView.swift; sourceTree = "<group>"; };
		0E28592DDBF7BFA26427D66A /* MaintenanceScheduler.swift */ = {isa = PBXFileReference; lastKnownFileType = sourcecode.swift; path = MaintenanceScheduler.swift; sourceTree = "<group>"; };
		0EB23A8797C0C79213B54953 /* SnapshotReviewControllerTests.swift */ = {isa = PBXFileReference; lastKnownFileType = sourcecode.swift; path = SnapshotReviewControllerTests.swift; sourceTree = "<group>"; };
		1755A317C8A40485B8BCFEC2 /* ExplorerSnapshotBrowser.swift */ = {isa = PBXFileReference; lastKnownFileType = sourcecode.swift; path = ExplorerSnapshotBrowser.swift; sourceTree = "<group>"; };
		1AFD747FBB123A9904358E0A /* StorageAccessOnboardingTests.swift */ = {isa = PBXFileReference; lastKnownFileType = sourcecode.swift; path = StorageAccessOnboardingTests.swift; sourceTree = "<group>"; };
		1FA2C07A281785D281E45016 /* ExplorerSnapshotHistoryAdapter.swift */ = {isa = PBXFileReference; lastKnownFileType = sourcecode.swift; path = ExplorerSnapshotHistoryAdapter.swift; sourceTree = "<group>"; };
		20BFD0F38533F3DEC52AE762 /* DUX.app */ = {isa = PBXFileReference; explicitFileType = wrapper.application; includeInIndex = 0; path = DUX.app; sourceTree = BUILT_PRODUCTS_DIR; };
		26F2FCFE19355018759E2E88 /* NotificationService.swift */ = {isa = PBXFileReference; lastKnownFileType = sourcecode.swift; path = NotificationService.swift; sourceTree = "<group>"; };
		2CC5DC5A1B28AAFC688385CA /* MaintenanceSchedulerTests.swift */ = {isa = PBXFileReference; lastKnownFileType = sourcecode.swift; path = MaintenanceSchedulerTests.swift; sourceTree = "<group>"; };
		2FCFB814644FA433F09F5895 /* VolumeMonitorTests.swift */ = {isa = PBXFileReference; lastKnownFileType = sourcecode.swift; path = VolumeMonitorTests.swift; sourceTree = "<group>"; };
		33280A17F88457163775239A /* NotificationAuthorizationState.swift */ = {isa = PBXFileReference; lastKnownFileType = sourcecode.swift; path = NotificationAuthorizationState.swift; sourceTree = "<group>"; };
		35ED975AE2F8C3C5A18228C7 /* CapacitySamplingSchedulerTests.swift */ = {isa = PBXFileReference; lastKnownFileType = sourcecode.swift; path = CapacitySamplingSchedulerTests.swift; sourceTree = "<group>"; };
		3A4FB349E02B99F8A2C86068 /* ExplorerStorageCategoryPresentation.swift */ = {isa = PBXFileReference; lastKnownFileType = sourcecode.swift; path = ExplorerStorageCategoryPresentation.swift; sourceTree = "<group>"; };
		3C92B6919925FC7337A95A88 /* ExplorerSnapshotBrowserTests.swift */ = {isa = PBXFileReference; lastKnownFileType = sourcecode.swift; path = ExplorerSnapshotBrowserTests.swift; sourceTree = "<group>"; };
		44CA5655F3A29195063554CC /* ExplorerLiveFileActions.swift */ = {isa = PBXFileReference; lastKnownFileType = sourcecode.swift; path = ExplorerLiveFileActions.swift; sourceTree = "<group>"; };
		4E504B7A8AC2DDFCF50B5EBD /* DuxAppDelegateTests.swift */ = {isa = PBXFileReference; lastKnownFileType = sourcecode.swift; path = DuxAppDelegateTests.swift; sourceTree = "<group>"; };
		52FFCCF28BCAB4846F17BB92 /* MenuBarVisibilityTests.swift */ = {isa = PBXFileReference; lastKnownFileType = sourcecode.swift; path = MenuBarVisibilityTests.swift; sourceTree = "<group>"; };
		56D9D007E6D5ECD0CC81FA89 /* DuxFFI.xcframework */ = {isa = PBXFileReference; lastKnownFileType = wrapper.xcframework; name = DuxFFI.xcframework; path = Generated/DuxFFI.xcframework; sourceTree = "<group>"; };
		5886CE7BF8E925F97031749F /* DuxAppDelegate.swift */ = {isa = PBXFileReference; lastKnownFileType = sourcecode.swift; path = DuxAppDelegate.swift; sourceTree = "<group>"; };
		5A94D886E3FFA68AA4DA2CF2 /* MenuBarVisibility.swift */ = {isa = PBXFileReference; lastKnownFileType = sourcecode.swift; path = MenuBarVisibility.swift; sourceTree = "<group>"; };
		5D0DB9F7F6DF9D1645B78CA1 /* Localizable.xcstrings */ = {isa = PBXFileReference; lastKnownFileType = text.json.xcstrings; path = Localizable.xcstrings; sourceTree = "<group>"; };
		6381B23B2DFA3EB7BE8CB06C /* StorageAccessProbeService.swift */ = {isa = PBXFileReference; lastKnownFileType = sourcecode.swift; path = StorageAccessProbeService.swift; sourceTree = "<group>"; };
		682051DD7F1B44E0D477AF57 /* VolumeCapacitySnapshot.swift */ = {isa = PBXFileReference; lastKnownFileType = sourcecode.swift; path = VolumeCapacitySnapshot.swift; sourceTree = "<group>"; };
		6AD9855FF446277F0FD7CF61 /* ExplorerScanPresentation.swift */ = {isa = PBXFileReference; lastKnownFileType = sourcecode.swift; path = ExplorerScanPresentation.swift; sourceTree = "<group>"; };
		6B1C410140302F8947E4C31A /* AppModel.swift */ = {isa = PBXFileReference; lastKnownFileType = sourcecode.swift; path = AppModel.swift; sourceTree = "<group>"; };
		A11CE0D4BEEF4A9D9E4D0001 /* ExplorerCandidateDetail.swift */ = {isa = PBXFileReference; lastKnownFileType = sourcecode.swift; path = ExplorerCandidateDetail.swift; sourceTree = "<group>"; };
		6F956883ADF25D4F41565B64 /* DuxTests.xctest */ = {isa = PBXFileReference; explicitFileType = wrapper.cfbundle; includeInIndex = 0; path = DuxTests.xctest; sourceTree = BUILT_PRODUCTS_DIR; };
		757D490EB8939DA31C6EF02D /* DiskPressurePolicyTests.swift */ = {isa = PBXFileReference; lastKnownFileType = sourcecode.swift; path = DiskPressurePolicyTests.swift; sourceTree = "<group>"; };
		76FE4A0BA11BA5271764EAEE /* CapacityResampleRouter.swift */ = {isa = PBXFileReference; lastKnownFileType = sourcecode.swift; path = CapacityResampleRouter.swift; sourceTree = "<group>"; };
		78A0F475B15FE85FDC5B8C9A /* EngineService.swift */ = {isa = PBXFileReference; lastKnownFileType = sourcecode.swift; path = EngineService.swift; sourceTree = "<group>"; };
		804D717507C0E3DE20C223E7 /* ExplorerStorageCategoryView.swift */ = {isa = PBXFileReference; lastKnownFileType = sourcecode.swift; path = ExplorerStorageCategoryView.swift; sourceTree = "<group>"; };
		82482B9B8D027D7C02127E94 /* ExplorerStorageCategoryPresentationTests.swift */ = {isa = PBXFileReference; lastKnownFileType = sourcecode.swift; path = ExplorerStorageCategoryPresentationTests.swift; sourceTree = "<group>"; };
		87E734C8E8DC7C76A4D9AF3A /* ExplorerSnapshotTreemapView.swift */ = {isa = PBXFileReference; lastKnownFileType = sourcecode.swift; path = ExplorerSnapshotTreemapView.swift; sourceTree = "<group>"; };
		891135824269D084AB770521 /* MenuBarStatusLabel.swift */ = {isa = PBXFileReference; lastKnownFileType = sourcecode.swift; path = MenuBarStatusLabel.swift; sourceTree = "<group>"; };
		90E79F7E2E1AE1AE3886E44C /* DuxSettingsView.swift */ = {isa = PBXFileReference; lastKnownFileType = sourcecode.swift; path = DuxSettingsView.swift; sourceTree = "<group>"; };
		92DE42239C384C2CCB3FF8C9 /* ExplorerTreemapLayoutTests.swift */ = {isa = PBXFileReference; lastKnownFileType = sourcecode.swift; path = ExplorerTreemapLayoutTests.swift; sourceTree = "<group>"; };
		992E2D118DDE512C123CF820 /* DuxApp.swift */ = {isa = PBXFileReference; lastKnownFileType = sourcecode.swift; path = DuxApp.swift; sourceTree = "<group>"; };
		9BFF59D4307552B1A1A571ED /* AppScanState.swift */ = {isa = PBXFileReference; lastKnownFileType = sourcecode.swift; path = AppScanState.swift; sourceTree = "<group>"; };
		9EA478D2D65F8593B4121C24 /* HomeScanAppModelTests.swift */ = {isa = PBXFileReference; lastKnownFileType = sourcecode.swift; path = HomeScanAppModelTests.swift; sourceTree = "<group>"; };
		A3EB2B2F30087D31F3248328 /* MenuBarLabelMode.swift */ = {isa = PBXFileReference; lastKnownFileType = sourcecode.swift; path = MenuBarLabelMode.swift; sourceTree = "<group>"; };
		D11CE0D4BEEF4A9D9E4D0001 /* ExplorerCandidateDetailTests.swift */ = {isa = PBXFileReference; lastKnownFileType = sourcecode.swift; path = ExplorerCandidateDetailTests.swift; sourceTree = "<group>"; };
		B0F3AFE3DD4D58E3C865B39E /* ExplorerPresentationTests.swift */ = {isa = PBXFileReference; lastKnownFileType = sourcecode.swift; path = ExplorerPresentationTests.swift; sourceTree = "<group>"; };
		B352437ADF86C831A87FB1B1 /* SnapshotReviewController.swift */ = {isa = PBXFileReference; lastKnownFileType = sourcecode.swift; path = SnapshotReviewController.swift; sourceTree = "<group>"; };
		B419D8788359D5B4077A88E1 /* AppActivationTests.swift */ = {isa = PBXFileReference; lastKnownFileType = sourcecode.swift; path = AppActivationTests.swift; sourceTree = "<group>"; };
		C5CC6787D484FCC35A64D673 /* NotificationAuthorizationTests.swift */ = {isa = PBXFileReference; lastKnownFileType = sourcecode.swift; path = NotificationAuthorizationTests.swift; sourceTree = "<group>"; };
		C762D5BE39976247D2390515 /* CapacityBar.swift */ = {isa = PBXFileReference; lastKnownFileType = sourcecode.swift; path = CapacityBar.swift; sourceTree = "<group>"; };
		C88A0AF7CE6989A83DC99EDE /* DiskPressureNotification.swift */ = {isa = PBXFileReference; lastKnownFileType = sourcecode.swift; path = DiskPressureNotification.swift; sourceTree = "<group>"; };
		CC650EAC7E25F66CC42436F6 /* VolumeMonitor.swift */ = {isa = PBXFileReference; lastKnownFileType = sourcecode.swift; path = VolumeMonitor.swift; sourceTree = "<group>"; };
		D1B0106BC09B05FB4A3315F0 /* MenuBarPopoverPresentationTests.swift */ = {isa = PBXFileReference; lastKnownFileType = sourcecode.swift; path = MenuBarPopoverPresentationTests.swift; sourceTree = "<group>"; };
		D62CBDBBBB0B3CE5E59D884E /* MenuBarContentView.swift */ = {isa = PBXFileReference; lastKnownFileType = sourcecode.swift; path = MenuBarContentView.swift; sourceTree = "<group>"; };
		DD60DEE8D3093DACB89BB3DA /* CapacitySamplingScheduler.swift */ = {isa = PBXFileReference; lastKnownFileType = sourcecode.swift; path = CapacitySamplingScheduler.swift; sourceTree = "<group>"; };
		E004627B4660D326FE7632E2 /* MenuBarLabelModeTests.swift */ = {isa = PBXFileReference; lastKnownFileType = sourcecode.swift; path = MenuBarLabelModeTests.swift; sourceTree = "<group>"; };
		E0D8C5C31F6E4413F4546D3B /* ExplorerSnapshotBrowserView.swift */ = {isa = PBXFileReference; lastKnownFileType = sourcecode.swift; path = ExplorerSnapshotBrowserView.swift; sourceTree = "<group>"; };
		E2D14341C731093A7B42D184 /* ExplorerSnapshotHistoryTests.swift */ = {isa = PBXFileReference; lastKnownFileType = sourcecode.swift; path = ExplorerSnapshotHistoryTests.swift; sourceTree = "<group>"; };
		E3DAEBDDCC775D01A0D8FA48 /* DiskPressureNotificationTests.swift */ = {isa = PBXFileReference; lastKnownFileType = sourcecode.swift; path = DiskPressureNotificationTests.swift; sourceTree = "<group>"; };
		E680E94BFA1DCB3FAFFC2C49 /* DiskPressurePolicy.swift */ = {isa = PBXFileReference; lastKnownFileType = sourcecode.swift; path = DiskPressurePolicy.swift; sourceTree = "<group>"; };
		E680E94BFA1DCB3FAFFC2C50 /* PermanentCleanupPolicy.swift */ = {isa = PBXFileReference; lastKnownFileType = sourcecode.swift; path = PermanentCleanupPolicy.swift; sourceTree = "<group>"; };
		EBB3467558C7AE4FCE0BA425 /* ExplorerPresentation.swift */ = {isa = PBXFileReference; lastKnownFileType = sourcecode.swift; path = ExplorerPresentation.swift; sourceTree = "<group>"; };
		ECB9598639A40687815737D2 /* EngineStatus.swift */ = {isa = PBXFileReference; lastKnownFileType = sourcecode.swift; path = EngineStatus.swift; sourceTree = "<group>"; };
		ECF2BF563EFDDD94DDA963D6 /* ExplorerTreemapLayout.swift */ = {isa = PBXFileReference; lastKnownFileType = sourcecode.swift; path = ExplorerTreemapLayout.swift; sourceTree = "<group>"; };
		EE062AE6DB95F97D8C318422 /* LoginItemTests.swift */ = {isa = PBXFileReference; lastKnownFileType = sourcecode.swift; path = LoginItemTests.swift; sourceTree = "<group>"; };
		EF48DC1674437397B29209BE /* DuxFFI.swift */ = {isa = PBXFileReference; lastKnownFileType = sourcecode.swift; path = DuxFFI.swift; sourceTree = "<group>"; };
		F1477499EB80DB74A899DD2D /* DiskPressurePolicyAppModelTests.swift */ = {isa = PBXFileReference; lastKnownFileType = sourcecode.swift; path = DiskPressurePolicyAppModelTests.swift; sourceTree = "<group>"; };
		F1477499EB80DB74A899DD2E /* PermanentCleanupPolicyAppModelTests.swift */ = {isa = PBXFileReference; lastKnownFileType = sourcecode.swift; path = PermanentCleanupPolicyAppModelTests.swift; sourceTree = "<group>"; };
		F1477499EB80DB74A899DD2F /* PermanentCleanupPolicyServiceTests.swift */ = {isa = PBXFileReference; lastKnownFileType = sourcecode.swift; path = PermanentCleanupPolicyServiceTests.swift; sourceTree = "<group>"; };
		F1477499EB80DB74A899DD30 /* CleanupExclusionsTests.swift */ = {isa = PBXFileReference; lastKnownFileType = sourcecode.swift; path = CleanupExclusionsTests.swift; sourceTree = "<group>"; };
		F237299D63EBE1AC54C52DC7 /* HomeScanService.swift */ = {isa = PBXFileReference; lastKnownFileType = sourcecode.swift; path = HomeScanService.swift; sourceTree = "<group>"; };
		F5E7867AEAC34A5EF08EF4A3 /* AppRuntime.swift */ = {isa = PBXFileReference; lastKnownFileType = sourcecode.swift; path = AppRuntime.swift; sourceTree = "<group>"; };
		F65ABB13456CB4A703946FEE /* StorageAccessOnboarding.swift */ = {isa = PBXFileReference; lastKnownFileType = sourcecode.swift; path = StorageAccessOnboarding.swift; sourceTree = "<group>"; };
		F9367596E4BB11327AFC097D /* MenuBarPopoverPresentation.swift */ = {isa = PBXFileReference; lastKnownFileType = sourcecode.swift; path = MenuBarPopoverPresentation.swift; sourceTree = "<group>"; };
/* End PBXFileReference section */

/* Begin PBXFrameworksBuildPhase section */
		833E3DDF81E048CADEDE1549 /* Frameworks */ = {
			isa = PBXFrameworksBuildPhase;
			buildActionMask = 2147483647;
			files = (
				793B703D206DC486C21E7D0C /* DuxFFI.xcframework in Frameworks */,
			);
			runOnlyForDeploymentPostprocessing = 0;
		};
/* End PBXFrameworksBuildPhase section */

/* Begin PBXGroup section */
		1D5C117B1B636A608BEDC372 /* Frameworks */ = {
			isa = PBXGroup;
			children = (
				56D9D007E6D5ECD0CC81FA89 /* DuxFFI.xcframework */,
			);
			name = Frameworks;
			sourceTree = "<group>";
		};
		262BBB113418CB5437E63133 /* Models */ = {
			isa = PBXGroup;
			children = (
				9BFF59D4307552B1A1A571ED /* AppScanState.swift */,
				C88A0AF7CE6989A83DC99EDE /* DiskPressureNotification.swift */,
				E680E94BFA1DCB3FAFFC2C49 /* DiskPressurePolicy.swift */,
				E680E94BFA1DCB3FAFFC2C50 /* PermanentCleanupPolicy.swift */,
				ECB9598639A40687815737D2 /* EngineStatus.swift */,
				A11CE0D4BEEF4A9D9E4D0001 /* ExplorerCandidateDetail.swift */,
				EBB3467558C7AE4FCE0BA425 /* ExplorerPresentation.swift */,
				6AD9855FF446277F0FD7CF61 /* ExplorerScanPresentation.swift */,
				020F1629EB87DC6B74D73119 /* ExplorerSnapshotHistory.swift */,
				3A4FB349E02B99F8A2C86068 /* ExplorerStorageCategoryPresentation.swift */,
				09BEEFC99984A8BEF618627B /* LoginItemState.swift */,
				A3EB2B2F30087D31F3248328 /* MenuBarLabelMode.swift */,
				F9367596E4BB11327AFC097D /* MenuBarPopoverPresentation.swift */,
				5A94D886E3FFA68AA4DA2CF2 /* MenuBarVisibility.swift */,
				33280A17F88457163775239A /* NotificationAuthorizationState.swift */,
				F65ABB13456CB4A703946FEE /* StorageAccessOnboarding.swift */,
				682051DD7F1B44E0D477AF57 /* VolumeCapacitySnapshot.swift */,
			);
			path = Models;
			sourceTree = "<group>";
		};
		2EEBA828602454FA55EFCA88 /* Dux */ = {
			isa = PBXGroup;
			children = (
				C8ABAD334C2CCA8F180E16A7 /* App */,
				BB966BBF0EDEF627FA6F2D10 /* Generated */,
				262BBB113418CB5437E63133 /* Models */,
				DB4EADE02178BD281D2D2C19 /* Resources */,
				6D18EAB146ED5CF031EFB50F /* Services */,
				49B2AB0B90531E9F840C9AF9 /* Views */,
			);
			path = Dux;
			sourceTree = "<group>";
		};
		2EFF5D2A484D02E2E8BF2E1D = {
			isa = PBXGroup;
			children = (
				2EEBA828602454FA55EFCA88 /* Dux */,
				D99006BA2888B4F4325AACFB /* DuxTests */,
				1D5C117B1B636A608BEDC372 /* Frameworks */,
				B8AD7331DC017716876BBB91 /* Products */,
			);
			sourceTree = "<group>";
		};
		49B2AB0B90531E9F840C9AF9 /* Views */ = {
			isa = PBXGroup;
			children = (
				C762D5BE39976247D2390515 /* CapacityBar.swift */,
				90E79F7E2E1AE1AE3886E44C /* DuxSettingsView.swift */,
				E0D8C5C31F6E4413F4546D3B /* ExplorerSnapshotBrowserView.swift */,
				87E734C8E8DC7C76A4D9AF3A /* ExplorerSnapshotTreemapView.swift */,
				804D717507C0E3DE20C223E7 /* ExplorerStorageCategoryView.swift */,
				ECF2BF563EFDDD94DDA963D6 /* ExplorerTreemapLayout.swift */,
				0C323FB00501BAB48AEB63FB /* ExplorerView.swift */,
				D62CBDBBBB0B3CE5E59D884E /* MenuBarContentView.swift */,
				891135824269D084AB770521 /* MenuBarStatusLabel.swift */,
			);
			path = Views;
			sourceTree = "<group>";
		};
		6D18EAB146ED5CF031EFB50F /* Services */ = {
			isa = PBXGroup;
			children = (
				76FE4A0BA11BA5271764EAEE /* CapacityResampleRouter.swift */,
				DD60DEE8D3093DACB89BB3DA /* CapacitySamplingScheduler.swift */,
				78A0F475B15FE85FDC5B8C9A /* EngineService.swift */,
				44CA5655F3A29195063554CC /* ExplorerLiveFileActions.swift */,
				1755A317C8A40485B8BCFEC2 /* ExplorerSnapshotBrowser.swift */,
				1FA2C07A281785D281E45016 /* ExplorerSnapshotHistoryAdapter.swift */,
				F237299D63EBE1AC54C52DC7 /* HomeScanService.swift */,
				00F758470BCC69B6999EDFAC /* LoginItemService.swift */,
				0E28592DDBF7BFA26427D66A /* MaintenanceScheduler.swift */,
				26F2FCFE19355018759E2E88 /* NotificationService.swift */,
				B352437ADF86C831A87FB1B1 /* SnapshotReviewController.swift */,
				6381B23B2DFA3EB7BE8CB06C /* StorageAccessProbeService.swift */,
				CC650EAC7E25F66CC42436F6 /* VolumeMonitor.swift */,
			);
			path = Services;
			sourceTree = "<group>";
		};
		B8AD7331DC017716876BBB91 /* Products */ = {
			isa = PBXGroup;
			children = (
				20BFD0F38533F3DEC52AE762 /* DUX.app */,
				6F956883ADF25D4F41565B64 /* DuxTests.xctest */,
			);
			name = Products;
			sourceTree = "<group>";
		};
		BB966BBF0EDEF627FA6F2D10 /* Generated */ = {
			isa = PBXGroup;
			children = (
				EF48DC1674437397B29209BE /* DuxFFI.swift */,
			);
			path = Generated;
			sourceTree = "<group>";
		};
		C8ABAD334C2CCA8F180E16A7 /* App */ = {
			isa = PBXGroup;
			children = (
				0111F34C431E515A86A780F4 /* AppActivation.swift */,
				6B1C410140302F8947E4C31A /* AppModel.swift */,
				F5E7867AEAC34A5EF08EF4A3 /* AppRuntime.swift */,
				992E2D118DDE512C123CF820 /* DuxApp.swift */,
				5886CE7BF8E925F97031749F /* DuxAppDelegate.swift */,
			);
			path = App;
			sourceTree = "<group>";
		};
		D99006BA2888B4F4325AACFB /* DuxTests */ = {
			isa = PBXGroup;
			children = (
				B419D8788359D5B4077A88E1 /* AppActivationTests.swift */,
				35ED975AE2F8C3C5A18228C7 /* CapacitySamplingSchedulerTests.swift */,
				E3DAEBDDCC775D01A0D8FA48 /* DiskPressureNotificationTests.swift */,
				F1477499EB80DB74A899DD2D /* DiskPressurePolicyAppModelTests.swift */,
				F1477499EB80DB74A899DD2E /* PermanentCleanupPolicyAppModelTests.swift */,
				F1477499EB80DB74A899DD2F /* PermanentCleanupPolicyServiceTests.swift */,
				F1477499EB80DB74A899DD30 /* CleanupExclusionsTests.swift */,
				757D490EB8939DA31C6EF02D /* DiskPressurePolicyTests.swift */,
				4E504B7A8AC2DDFCF50B5EBD /* DuxAppDelegateTests.swift */,
				00371DEF2482E0BC47D1A5D0 /* EngineServiceTests.swift */,
				D11CE0D4BEEF4A9D9E4D0001 /* ExplorerCandidateDetailTests.swift */,
				B0F3AFE3DD4D58E3C865B39E /* ExplorerPresentationTests.swift */,
				3C92B6919925FC7337A95A88 /* ExplorerSnapshotBrowserTests.swift */,
				E2D14341C731093A7B42D184 /* ExplorerSnapshotHistoryTests.swift */,
				82482B9B8D027D7C02127E94 /* ExplorerStorageCategoryPresentationTests.swift */,
				92DE42239C384C2CCB3FF8C9 /* ExplorerTreemapLayoutTests.swift */,
				9EA478D2D65F8593B4121C24 /* HomeScanAppModelTests.swift */,
				EE062AE6DB95F97D8C318422 /* LoginItemTests.swift */,
				2CC5DC5A1B28AAFC688385CA /* MaintenanceSchedulerTests.swift */,
				E004627B4660D326FE7632E2 /* MenuBarLabelModeTests.swift */,
				D1B0106BC09B05FB4A3315F0 /* MenuBarPopoverPresentationTests.swift */,
				52FFCCF28BCAB4846F17BB92 /* MenuBarVisibilityTests.swift */,
				C5CC6787D484FCC35A64D673 /* NotificationAuthorizationTests.swift */,
				0EB23A8797C0C79213B54953 /* SnapshotReviewControllerTests.swift */,
				1AFD747FBB123A9904358E0A /* StorageAccessOnboardingTests.swift */,
				2FCFB814644FA433F09F5895 /* VolumeMonitorTests.swift */,
			);
			path = DuxTests;
			sourceTree = "<group>";
		};
		DB4EADE02178BD281D2D2C19 /* Resources */ = {
			isa = PBXGroup;
			children = (
				5D0DB9F7F6DF9D1645B78CA1 /* Localizable.xcstrings */,
			);
			path = Resources;
			sourceTree = "<group>";
		};
/* End PBXGroup section */

/* Begin PBXNativeTarget section */
		E9998AED5B26818E5AE9FFBF /* Dux */ = {
			isa = PBXNativeTarget;
			buildConfigurationList = 767BAA77480639B1969308BD /* Build configuration list for PBXNativeTarget "Dux" */;
			buildPhases = (
				2131515BF2CC6DED86BF3D0D /* Sources */,
				CA7600C479AB4D5747479606 /* Resources */,
				833E3DDF81E048CADEDE1549 /* Frameworks */,
			);
			buildRules = (
			);
			dependencies = (
			);
			name = Dux;
			packageProductDependencies = (
			);
			productName = Dux;
			productReference = 20BFD0F38533F3DEC52AE762 /* DUX.app */;
			productType = "com.apple.product-type.application";
		};
		EE576438111D3ADAF7AF71EE /* DuxTests */ = {
			isa = PBXNativeTarget;
			buildConfigurationList = 35E9A1B5F5E1F32199F14A8B /* Build configuration list for PBXNativeTarget "DuxTests" */;
			buildPhases = (
				1B6969E74A84F4DEF6E65CAE /* Sources */,
			);
			buildRules = (
			);
			dependencies = (
				F9A0AC901794630A959E4702 /* PBXTargetDependency */,
			);
			name = DuxTests;
			packageProductDependencies = (
			);
			productName = DuxTests;
			productReference = 6F956883ADF25D4F41565B64 /* DuxTests.xctest */;
			productType = "com.apple.product-type.bundle.unit-test";
		};
/* End PBXNativeTarget section */

/* Begin PBXProject section */
		03147346CE8BA5C1694FBBE4 /* Project object */ = {
			isa = PBXProject;
			attributes = {
				BuildIndependentTargetsInParallel = YES;
				LastUpgradeCheck = 1430;
			};
			buildConfigurationList = 092210A9033393BD82F2A0F4 /* Build configuration list for PBXProject "Dux" */;
			compatibilityVersion = "Xcode 14.0";
			developmentRegion = en;
			hasScannedForEncodings = 0;
			knownRegions = (
				Base,
				en,
			);
			mainGroup = 2EFF5D2A484D02E2E8BF2E1D;
			minimizedProjectReferenceProxies = 1;
			preferredProjectObjectVersion = 77;
			projectDirPath = "";
			projectRoot = "";
			targets = (
				E9998AED5B26818E5AE9FFBF /* Dux */,
				EE576438111D3ADAF7AF71EE /* DuxTests */,
			);
		};
/* End PBXProject section */

/* Begin PBXResourcesBuildPhase section */
		CA7600C479AB4D5747479606 /* Resources */ = {
			isa = PBXResourcesBuildPhase;
			buildActionMask = 2147483647;
			files = (
				87AF9A6CCBAE4C0B4B4D6785 /* Localizable.xcstrings in Resources */,
			);
			runOnlyForDeploymentPostprocessing = 0;
		};
/* End PBXResourcesBuildPhase section */

/* Begin PBXSourcesBuildPhase section */
		1B6969E74A84F4DEF6E65CAE /* Sources */ = {
			isa = PBXSourcesBuildPhase;
			buildActionMask = 2147483647;
			files = (
				89E07BE22154707102CE06E0 /* AppActivationTests.swift in Sources */,
				3937244C9B394E27C9AF99F7 /* CapacitySamplingSchedulerTests.swift in Sources */,
				379997E40D1D0F4C99B1B4FE /* DiskPressureNotificationTests.swift in Sources */,
				C80CD6D9D30C598CBBE00B11 /* DiskPressurePolicyAppModelTests.swift in Sources */,
				C80CD6D9D30C598CBBE00B12 /* PermanentCleanupPolicyAppModelTests.swift in Sources */,
				C80CD6D9D30C598CBBE00B13 /* PermanentCleanupPolicyServiceTests.swift in Sources */,
				C80CD6D9D30C598CBBE00B14 /* CleanupExclusionsTests.swift in Sources */,
				73134C24BA6FC45B5017B336 /* DiskPressurePolicyTests.swift in Sources */,
				B34BE4E0B8AE46D166283EC0 /* DuxAppDelegateTests.swift in Sources */,
				9033D6BF38DA8C7EE5FC6710 /* EngineServiceTests.swift in Sources */,
				C11CE0D4BEEF4A9D9E4D0001 /* ExplorerCandidateDetailTests.swift in Sources */,
				FA6286B07FD264E2A7D7A755 /* ExplorerPresentationTests.swift in Sources */,
				696B9C9944AE94B7A395BEC4 /* ExplorerSnapshotBrowserTests.swift in Sources */,
				A2E4B158E99A1B2E81F2BA46 /* ExplorerSnapshotHistoryTests.swift in Sources */,
				B2ED4AB5CB0E06A953CAD6BB /* ExplorerStorageCategoryPresentationTests.swift in Sources */,
				32B9F5154ED5BF5057AD265C /* ExplorerTreemapLayoutTests.swift in Sources */,
				FC8D3C5F78E92C1A2023D472 /* HomeScanAppModelTests.swift in Sources */,
				0F73337C6F794206C51B9B7E /* LoginItemTests.swift in Sources */,
				C310092B690811A25EE68AA6 /* MaintenanceSchedulerTests.swift in Sources */,
				3C46D3A8CBE75A16588EE5CF /* MenuBarLabelModeTests.swift in Sources */,
				54A8ED9BB36CC23FC6A7A9E2 /* MenuBarPopoverPresentationTests.swift in Sources */,
				B51064C365EA8AE0DDBF40E2 /* MenuBarVisibilityTests.swift in Sources */,
				3B97B92A1826913CFEAC3ED5 /* NotificationAuthorizationTests.swift in Sources */,
				DCF5B8FBAFD549C1DE06FCA8 /* SnapshotReviewControllerTests.swift in Sources */,
				456155F7AC12D70B983601FD /* StorageAccessOnboardingTests.swift in Sources */,
				B5B300842B55B2131DB658FC /* VolumeMonitorTests.swift in Sources */,
			);
			runOnlyForDeploymentPostprocessing = 0;
		};
		2131515BF2CC6DED86BF3D0D /* Sources */ = {
			isa = PBXSourcesBuildPhase;
			buildActionMask = 2147483647;
			files = (
				2DE25E271D830CD5F1372C3A /* AppActivation.swift in Sources */,
				03CCE3D63051DAED03CB23DE /* AppModel.swift in Sources */,
				18686331A2B756CD12599F22 /* AppRuntime.swift in Sources */,
				D1948288BB8C18A931312A59 /* AppScanState.swift in Sources */,
				05F712D29B4F3BDF444C32B3 /* CapacityBar.swift in Sources */,
				6E80A759C1939343E81107EC /* CapacityResampleRouter.swift in Sources */,
				31B4EBAA95F5CC5C76F7A21A /* CapacitySamplingScheduler.swift in Sources */,
				9065342E80BC5CB37AE2993A /* DiskPressureNotification.swift in Sources */,
				4AF950C2A6897A027867C885 /* DiskPressurePolicy.swift in Sources */,
				4AF950C2A6897A027867C886 /* PermanentCleanupPolicy.swift in Sources */,
				B334563BD340D9E0B20D16D3 /* DuxApp.swift in Sources */,
				2647F71DC9189100B9FD3096 /* DuxAppDelegate.swift in Sources */,
				6D2CB0DD262B22CF018B0874 /* DuxFFI.swift in Sources */,
				E0A86A133058832D8BCD65DF /* DuxSettingsView.swift in Sources */,
				69E28EFAD6A4109B80F1FC0C /* EngineService.swift in Sources */,
				A3936C11E7E090E3BDA6E986 /* EngineStatus.swift in Sources */,
				B11CE0D4BEEF4A9D9E4D0001 /* ExplorerCandidateDetail.swift in Sources */,
				3D92D4116CFA37C9023E161D /* ExplorerLiveFileActions.swift in Sources */,
				825D292E0E5963F2686862EB /* ExplorerPresentation.swift in Sources */,
				53C29759B7F11F41AC74A3F7 /* ExplorerScanPresentation.swift in Sources */,
				7170FDE2CE91133179BABE41 /* ExplorerSnapshotBrowser.swift in Sources */,
				7F8BA1A15484B594CFEBBD5B /* ExplorerSnapshotBrowserView.swift in Sources */,
				C2C2DBC37D90A06A1A6A2485 /* ExplorerSnapshotHistory.swift in Sources */,
				B81A932FB1889CC54A9615E9 /* ExplorerSnapshotHistoryAdapter.swift in Sources */,
				1267FAE3D6B2CE2F14B4EA1E /* ExplorerSnapshotTreemapView.swift in Sources */,
				DA1ED81D9978B01C96F71C5B /* ExplorerStorageCategoryPresentation.swift in Sources */,
				5A7D9BDF524C846F223BB6F9 /* ExplorerStorageCategoryView.swift in Sources */,
				67FB40BBEEEFB481CBE219F9 /* ExplorerTreemapLayout.swift in Sources */,
				E81F7E7B392E1FC53DCA2694 /* ExplorerView.swift in Sources */,
				9AA4A97A210E1755232F468F /* HomeScanService.swift in Sources */,
				6C8DE5FAA7B917CB308B752A /* LoginItemService.swift in Sources */,
				D1CDD0944327D2028E123D47 /* LoginItemState.swift in Sources */,
				02F49E38EAA6B05B5B6E7BB0 /* MaintenanceScheduler.swift in Sources */,
				82252F3716D168BB22A360E9 /* MenuBarContentView.swift in Sources */,
				53A99BB7C2F6B03B07AE2CF6 /* MenuBarLabelMode.swift in Sources */,
				C7DCAA20F9922B9BB2764FB7 /* MenuBarPopoverPresentation.swift in Sources */,
				9A55E0195EA32915D5B991E1 /* MenuBarStatusLabel.swift in Sources */,
				42CD58B9CAC44FAE445C714F /* MenuBarVisibility.swift in Sources */,
				A0C7722803205A5B40CF76E9 /* NotificationAuthorizationState.swift in Sources */,
				041D8F8DA2BD852A65EECE10 /* NotificationService.swift in Sources */,
				80066EDFA86C1475A5BEE0CD /* SnapshotReviewController.swift in Sources */,
				BE0C954C7F8D9F0F5F93D63E /* StorageAccessOnboarding.swift in Sources */,
				D026D7FC625D6956F4293FF2 /* StorageAccessProbeService.swift in Sources */,
				FF16E00002EB5CBC2AEBB6D1 /* VolumeCapacitySnapshot.swift in Sources */,
				B184EB4EE1399E7D26F41D7B /* VolumeMonitor.swift in Sources */,
			);
			runOnlyForDeploymentPostprocessing = 0;
		};
/* End PBXSourcesBuildPhase section */

/* Begin PBXTargetDependency section */
		F9A0AC901794630A959E4702 /* PBXTargetDependency */ = {
			isa = PBXTargetDependency;
			target = E9998AED5B26818E5AE9FFBF /* Dux */;
			targetProxy = F135989ACC663FA2F5287C71 /* PBXContainerItemProxy */;
		};
/* End PBXTargetDependency section */

/* Begin XCBuildConfiguration section */
		2F044481BCDCF04E57E10E16 /* Release */ = {
			isa = XCBuildConfiguration;
			buildSettings = {
				BUNDLE_LOADER = "$(TEST_HOST)";
				COMBINE_HIDPI_IMAGES = YES;
				GENERATE_INFOPLIST_FILE = YES;
				LD_RUNPATH_SEARCH_PATHS = (
					"$(inherited)",
					"@executable_path/../Frameworks",
					"@loader_path/../Frameworks",
				);
				PRODUCT_BUNDLE_IDENTIFIER = se.mjukis.dux.spike.tests;
				SDKROOT = macosx;
				SWIFT_STRICT_CONCURRENCY = complete;
				SWIFT_VERSION = 6.0;
				TEST_HOST = "$(BUILT_PRODUCTS_DIR)/DUX.app/Contents/MacOS/DUX";
			};
			name = Release;
		};
		40AFD20B8CD32841DAEA59C6 /* Release */ = {
			isa = XCBuildConfiguration;
			buildSettings = {
				ASSETCATALOG_COMPILER_APPICON_NAME = AppIcon;
				CODE_SIGN_ENTITLEMENTS = Config/Release.entitlements;
				COMBINE_HIDPI_IMAGES = YES;
				DEAD_CODE_STRIPPING = YES;
				ENABLE_HARDENED_RUNTIME = YES;
				FRAMEWORK_SEARCH_PATHS = (
					"$(inherited)",
					"\"Generated\"",
				);
				GENERATE_INFOPLIST_FILE = NO;
				INFOPLIST_FILE = Dux/Info.plist;
				LD_RUNPATH_SEARCH_PATHS = (
					"$(inherited)",
					"@executable_path/../Frameworks",
				);
				MACOSX_DEPLOYMENT_TARGET = 14.0;
				PRODUCT_BUNDLE_IDENTIFIER = se.mjukis.dux.spike;
				PRODUCT_NAME = DUX;
				SDKROOT = macosx;
				SWIFT_STRICT_CONCURRENCY = complete;
				SWIFT_VERSION = 6.0;
			};
			name = Release;
		};
		625AB093DAA3063E81B3D235 /* Release */ = {
			isa = XCBuildConfiguration;
			buildSettings = {
				ALWAYS_SEARCH_USER_PATHS = NO;
				CLANG_ANALYZER_NONNULL = YES;
				CLANG_ANALYZER_NUMBER_OBJECT_CONVERSION = YES_AGGRESSIVE;
				CLANG_CXX_LANGUAGE_STANDARD = "gnu++14";
				CLANG_CXX_LIBRARY = "libc++";
				CLANG_ENABLE_MODULES = YES;
				CLANG_ENABLE_OBJC_ARC = YES;
				CLANG_ENABLE_OBJC_WEAK = YES;
				CLANG_WARN_BLOCK_CAPTURE_AUTORELEASING = YES;
				CLANG_WARN_BOOL_CONVERSION = YES;
				CLANG_WARN_COMMA = YES;
				CLANG_WARN_CONSTANT_CONVERSION = YES;
				CLANG_WARN_DEPRECATED_OBJC_IMPLEMENTATIONS = YES;
				CLANG_WARN_DIRECT_OBJC_ISA_USAGE = YES_ERROR;
				CLANG_WARN_DOCUMENTATION_COMMENTS = YES;
				CLANG_WARN_EMPTY_BODY = YES;
				CLANG_WARN_ENUM_CONVERSION = YES;
				CLANG_WARN_INFINITE_RECURSION = YES;
				CLANG_WARN_INT_CONVERSION = YES;
				CLANG_WARN_NON_LITERAL_NULL_CONVERSION = YES;
				CLANG_WARN_OBJC_IMPLICIT_RETAIN_SELF = YES;
				CLANG_WARN_OBJC_LITERAL_CONVERSION = YES;
				CLANG_WARN_OBJC_ROOT_CLASS = YES_ERROR;
				CLANG_WARN_QUOTED_INCLUDE_IN_FRAMEWORK_HEADER = YES;
				CLANG_WARN_RANGE_LOOP_ANALYSIS = YES;
				CLANG_WARN_STRICT_PROTOTYPES = YES;
				CLANG_WARN_SUSPICIOUS_MOVE = YES;
				CLANG_WARN_UNGUARDED_AVAILABILITY = YES_AGGRESSIVE;
				CLANG_WARN_UNREACHABLE_CODE = YES;
				CLANG_WARN__DUPLICATE_METHOD_MATCH = YES;
				COPY_PHASE_STRIP = NO;
				DEBUG_INFORMATION_FORMAT = "dwarf-with-dsym";
				ENABLE_NS_ASSERTIONS = NO;
				ENABLE_STRICT_OBJC_MSGSEND = YES;
				GCC_C_LANGUAGE_STANDARD = gnu11;
				GCC_NO_COMMON_BLOCKS = YES;
				GCC_WARN_64_TO_32_BIT_CONVERSION = YES;
				GCC_WARN_ABOUT_RETURN_TYPE = YES_ERROR;
				GCC_WARN_UNDECLARED_SELECTOR = YES;
				GCC_WARN_UNINITIALIZED_AUTOS = YES_AGGRESSIVE;
				GCC_WARN_UNUSED_FUNCTION = YES;
				GCC_WARN_UNUSED_VARIABLE = YES;
				MACOSX_DEPLOYMENT_TARGET = 14.0;
				MTL_ENABLE_DEBUG_INFO = NO;
				MTL_FAST_MATH = YES;
				PRODUCT_NAME = "$(TARGET_NAME)";
				SDKROOT = macosx;
				SWIFT_COMPILATION_MODE = wholemodule;
				SWIFT_OPTIMIZATION_LEVEL = "-O";
				SWIFT_VERSION = 5.0;
			};
			name = Release;
		};
		9E4838604083A0AA43A1EB9D /* Debug */ = {
			isa = XCBuildConfiguration;
			buildSettings = {
				ASSETCATALOG_COMPILER_APPICON_NAME = AppIcon;
				COMBINE_HIDPI_IMAGES = YES;
				DEAD_CODE_STRIPPING = YES;
				ENABLE_HARDENED_RUNTIME = YES;
				FRAMEWORK_SEARCH_PATHS = (
					"$(inherited)",
					"\"Generated\"",
				);
				GENERATE_INFOPLIST_FILE = NO;
				INFOPLIST_FILE = Dux/Info.plist;
				LD_RUNPATH_SEARCH_PATHS = (
					"$(inherited)",
					"@executable_path/../Frameworks",
				);
				MACOSX_DEPLOYMENT_TARGET = 14.0;
				PRODUCT_BUNDLE_IDENTIFIER = se.mjukis.dux.spike;
				PRODUCT_NAME = DUX;
				SDKROOT = macosx;
				SWIFT_STRICT_CONCURRENCY = complete;
				SWIFT_VERSION = 6.0;
			};
			name = Debug;
		};
		B36479BDF54E9041C4A2D7BE /* Debug */ = {
			isa = XCBuildConfiguration;
			buildSettings = {
				BUNDLE_LOADER = "$(TEST_HOST)";
				COMBINE_HIDPI_IMAGES = YES;
				GENERATE_INFOPLIST_FILE = YES;
				LD_RUNPATH_SEARCH_PATHS = (
					"$(inherited)",
					"@executable_path/../Frameworks",
					"@loader_path/../Frameworks",
				);
				PRODUCT_BUNDLE_IDENTIFIER = se.mjukis.dux.spike.tests;
				SDKROOT = macosx;
				SWIFT_STRICT_CONCURRENCY = complete;
				SWIFT_VERSION = 6.0;
				TEST_HOST = "$(BUILT_PRODUCTS_DIR)/DUX.app/Contents/MacOS/DUX";
			};
			name = Debug;
		};
		D607D36CA92CAEE87FB91143 /* Debug */ = {
			isa = XCBuildConfiguration;
			buildSettings = {
				ALWAYS_SEARCH_USER_PATHS = NO;
				CLANG_ANALYZER_NONNULL = YES;
				CLANG_ANALYZER_NUMBER_OBJECT_CONVERSION = YES_AGGRESSIVE;
				CLANG_CXX_LANGUAGE_STANDARD = "gnu++14";
				CLANG_CXX_LIBRARY = "libc++";
				CLANG_ENABLE_MODULES = YES;
				CLANG_ENABLE_OBJC_ARC = YES;
				CLANG_ENABLE_OBJC_WEAK = YES;
				CLANG_WARN_BLOCK_CAPTURE_AUTORELEASING = YES;
				CLANG_WARN_BOOL_CONVERSION = YES;
				CLANG_WARN_COMMA = YES;
				CLANG_WARN_CONSTANT_CONVERSION = YES;
				CLANG_WARN_DEPRECATED_OBJC_IMPLEMENTATIONS = YES;
				CLANG_WARN_DIRECT_OBJC_ISA_USAGE = YES_ERROR;
				CLANG_WARN_DOCUMENTATION_COMMENTS = YES;
				CLANG_WARN_EMPTY_BODY = YES;
				CLANG_WARN_ENUM_CONVERSION = YES;
				CLANG_WARN_INFINITE_RECURSION = YES;
				CLANG_WARN_INT_CONVERSION = YES;
				CLANG_WARN_NON_LITERAL_NULL_CONVERSION = YES;
				CLANG_WARN_OBJC_IMPLICIT_RETAIN_SELF = YES;
				CLANG_WARN_OBJC_LITERAL_CONVERSION = YES;
				CLANG_WARN_OBJC_ROOT_CLASS = YES_ERROR;
				CLANG_WARN_QUOTED_INCLUDE_IN_FRAMEWORK_HEADER = YES;
				CLANG_WARN_RANGE_LOOP_ANALYSIS = YES;
				CLANG_WARN_STRICT_PROTOTYPES = YES;
				CLANG_WARN_SUSPICIOUS_MOVE = YES;
				CLANG_WARN_UNGUARDED_AVAILABILITY = YES_AGGRESSIVE;
				CLANG_WARN_UNREACHABLE_CODE = YES;
				CLANG_WARN__DUPLICATE_METHOD_MATCH = YES;
				COPY_PHASE_STRIP = NO;
				DEBUG_INFORMATION_FORMAT = dwarf;
				ENABLE_STRICT_OBJC_MSGSEND = YES;
				ENABLE_TESTABILITY = YES;
				GCC_C_LANGUAGE_STANDARD = gnu11;
				GCC_DYNAMIC_NO_PIC = NO;
				GCC_NO_COMMON_BLOCKS = YES;
				GCC_OPTIMIZATION_LEVEL = 0;
				GCC_PREPROCESSOR_DEFINITIONS = (
					"$(inherited)",
					"DEBUG=1",
				);
				GCC_WARN_64_TO_32_BIT_CONVERSION = YES;
				GCC_WARN_ABOUT_RETURN_TYPE = YES_ERROR;
				GCC_WARN_UNDECLARED_SELECTOR = YES;
				GCC_WARN_UNINITIALIZED_AUTOS = YES_AGGRESSIVE;
				GCC_WARN_UNUSED_FUNCTION = YES;
				GCC_WARN_UNUSED_VARIABLE = YES;
				MACOSX_DEPLOYMENT_TARGET = 14.0;
				MTL_ENABLE_DEBUG_INFO = INCLUDE_SOURCE;
				MTL_FAST_MATH = YES;
				ONLY_ACTIVE_ARCH = YES;
				PRODUCT_NAME = "$(TARGET_NAME)";
				SDKROOT = macosx;
				SWIFT_ACTIVE_COMPILATION_CONDITIONS = DEBUG;
				SWIFT_OPTIMIZATION_LEVEL = "-Onone";
				SWIFT_VERSION = 5.0;
			};
			name = Debug;
		};
/* End XCBuildConfiguration section */

/* Begin XCConfigurationList section */
		092210A9033393BD82F2A0F4 /* Build configuration list for PBXProject "Dux" */ = {
			isa = XCConfigurationList;
			buildConfigurations = (
				D607D36CA92CAEE87FB91143 /* Debug */,
				625AB093DAA3063E81B3D235 /* Release */,
			);
			defaultConfigurationIsVisible = 0;
			defaultConfigurationName = Debug;
		};
		35E9A1B5F5E1F32199F14A8B /* Build configuration list for PBXNativeTarget "DuxTests" */ = {
			isa = XCConfigurationList;
			buildConfigurations = (
				B36479BDF54E9041C4A2D7BE /* Debug */,
				2F044481BCDCF04E57E10E16 /* Release */,
			);
			defaultConfigurationIsVisible = 0;
			defaultConfigurationName = Debug;
		};
		767BAA77480639B1969308BD /* Build configuration list for PBXNativeTarget "Dux" */ = {
			isa = XCConfigurationList;
			buildConfigurations = (
				9E4838604083A0AA43A1EB9D /* Debug */,
				40AFD20B8CD32841DAEA59C6 /* Release */,
			);
			defaultConfigurationIsVisible = 0;
			defaultConfigurationName = Debug;
		};
/* End XCConfigurationList section */
	};
	rootObject = 03147346CE8BA5C1694FBBE4 /* Project object */;
}
