// !$*UTF8*$!
{
	archiveVersion = 1;
	classes = {
	};
	objectVersion = 77;
	objects = {

/* Begin PBXBuildFile section */
		02F49E38EAA6B05B5B6E7BB0 /* MaintenanceScheduler.swift in Sources */ = {isa = PBXBuildFile; fileRef = 0E28592DDBF7BFA26427D66A /* MaintenanceScheduler.swift */; };
		03CCE3D63051DAED03CB23DE /* AppModel.swift in Sources */ = {isa = PBXBuildFile; fileRef = 6B1C410140302F8947E4C31A /* AppModel.swift */; };
		041D8F8DA2BD852A65EECE10 /* NotificationService.swift in Sources */ = {isa = PBXBuildFile; fileRef = 26F2FCFE19355018759E2E88 /* NotificationService.swift */; };
		05F712D29B4F3BDF444C32B3 /* CapacityBar.swift in Sources */ = {isa = PBXBuildFile; fileRef = C762D5BE39976247D2390515 /* CapacityBar.swift */; };
		073A264C3BD7A845162BCF45 /* ExplorerCandidateDetail.swift in Sources */ = {isa = PBXBuildFile; fileRef = 6E19A5F90FB852E3108A2F8C /* ExplorerCandidateDetail.swift */; };
		0A91C9079687213952D088B6 /* AppModelTerminalQuiescenceTests.swift in Sources */ = {isa = PBXBuildFile; fileRef = 69582E0ECA8FB4232F1D18A7 /* AppModelTerminalQuiescenceTests.swift */; };
		0BB060D8D88A9F203AC22800 /* AIMetadataPreviewTests.swift in Sources */ = {isa = PBXBuildFile; fileRef = DBBCF7E203EE1A85759CF8B5 /* AIMetadataPreviewTests.swift */; };
		0F73337C6F794206C51B9B7E /* LoginItemTests.swift in Sources */ = {isa = PBXBuildFile; fileRef = EE062AE6DB95F97D8C318422 /* LoginItemTests.swift */; };
		1267FAE3D6B2CE2F14B4EA1E /* ExplorerSnapshotTreemapView.swift in Sources */ = {isa = PBXBuildFile; fileRef = 87E734C8E8DC7C76A4D9AF3A /* ExplorerSnapshotTreemapView.swift */; };
		148382CD2E53F74DC7A1A154 /* ICloudLocalCopyRawFactReader.swift in Sources */ = {isa = PBXBuildFile; fileRef = E75D1FF22EB1F0B9C8C1CAE7 /* ICloudLocalCopyRawFactReader.swift */; };
		162BDDE7A346B6054D610B04 /* PermanentCleanupPolicy.swift in Sources */ = {isa = PBXBuildFile; fileRef = 0364E665A1D4CC4529A2C966 /* PermanentCleanupPolicy.swift */; };
		18686331A2B756CD12599F22 /* AppRuntime.swift in Sources */ = {isa = PBXBuildFile; fileRef = F5E7867AEAC34A5EF08EF4A3 /* AppRuntime.swift */; };
		1AE8B79436E6A5B6EBCF33B8 /* CLIInstallerServiceTests.swift in Sources */ = {isa = PBXBuildFile; fileRef = 270DEAAECA50BDE791B406B8 /* CLIInstallerServiceTests.swift */; };
		1F9F08BE100F88BC1152E61C /* ExplorerSnapshotDiffAdapter.swift in Sources */ = {isa = PBXBuildFile; fileRef = EC7DBC9B31FAA3F6BA354DFB /* ExplorerSnapshotDiffAdapter.swift */; };
		26134D02496F2DF5D2E65343 /* ICloudIdentityQualificationHarness.swift in Sources */ = {isa = PBXBuildFile; fileRef = A7E059F7226F0A472A29D189 /* ICloudIdentityQualificationHarness.swift */; };
		2647F71DC9189100B9FD3096 /* DuxAppDelegate.swift in Sources */ = {isa = PBXBuildFile; fileRef = 5886CE7BF8E925F97031749F /* DuxAppDelegate.swift */; };
		298CC9091B91B60ED98F7841 /* Sparkle in Frameworks */ = {isa = PBXBuildFile; productRef = C238BEC65D3EACCEBB98BF5B /* Sparkle */; };
		298FEF81F562D9E794C1931A /* CleanupHistoryClearTests.swift in Sources */ = {isa = PBXBuildFile; fileRef = 82BBE0E1FEBC7C93637F1828 /* CleanupHistoryClearTests.swift */; };
		2A34729A372BB0884BB9DDB3 /* CLIInstallationSettingsView.swift in Sources */ = {isa = PBXBuildFile; fileRef = BC3D3A74B5321BE3B879C232 /* CLIInstallationSettingsView.swift */; };
		2A8D0C1F2522F394E68A9679 /* ExplorerAIExplanationServiceTests.swift in Sources */ = {isa = PBXBuildFile; fileRef = A4CA028E691896DC7EE0629B /* ExplorerAIExplanationServiceTests.swift */; };
		2B234DD9D1C58565151FDFCA /* AIProviderCredentialStore.swift in Sources */ = {isa = PBXBuildFile; fileRef = 5A3578A19CABE3B2A6AD432D /* AIProviderCredentialStore.swift */; };
		2DE25E271D830CD5F1372C3A /* AppActivation.swift in Sources */ = {isa = PBXBuildFile; fileRef = 0111F34C431E515A86A780F4 /* AppActivation.swift */; };
		2E993F52ED45F94E0CE505E1 /* CLIInstallerService.swift in Sources */ = {isa = PBXBuildFile; fileRef = B8FEAB33B6260A09B2B89068 /* CLIInstallerService.swift */; };
		31B4EBAA95F5CC5C76F7A21A /* CapacitySamplingScheduler.swift in Sources */ = {isa = PBXBuildFile; fileRef = DD60DEE8D3093DACB89BB3DA /* CapacitySamplingScheduler.swift */; };
		32B9F5154ED5BF5057AD265C /* ExplorerTreemapLayoutTests.swift in Sources */ = {isa = PBXBuildFile; fileRef = 92DE42239C384C2CCB3FF8C9 /* ExplorerTreemapLayoutTests.swift */; };
		379997E40D1D0F4C99B1B4FE /* DiskPressureNotificationTests.swift in Sources */ = {isa = PBXBuildFile; fileRef = E3DAEBDDCC775D01A0D8FA48 /* DiskPressureNotificationTests.swift */; };
		3937244C9B394E27C9AF99F7 /* CapacitySamplingSchedulerTests.swift in Sources */ = {isa = PBXBuildFile; fileRef = 35ED975AE2F8C3C5A18228C7 /* CapacitySamplingSchedulerTests.swift */; };
		3A823D147F714E369CEBFC1D /* SparkleUpdateController.swift in Sources */ = {isa = PBXBuildFile; fileRef = 698B5370D8F8E4DD240D95C8 /* SparkleUpdateController.swift */; };
		3B97B92A1826913CFEAC3ED5 /* NotificationAuthorizationTests.swift in Sources */ = {isa = PBXBuildFile; fileRef = C5CC6787D484FCC35A64D673 /* NotificationAuthorizationTests.swift */; };
		3C46D3A8CBE75A16588EE5CF /* MenuBarLabelModeTests.swift in Sources */ = {isa = PBXBuildFile; fileRef = E004627B4660D326FE7632E2 /* MenuBarLabelModeTests.swift */; };
		3D92D4116CFA37C9023E161D /* ExplorerLiveFileActions.swift in Sources */ = {isa = PBXBuildFile; fileRef = 44CA5655F3A29195063554CC /* ExplorerLiveFileActions.swift */; };
		42CD58B9CAC44FAE445C714F /* MenuBarVisibility.swift in Sources */ = {isa = PBXBuildFile; fileRef = 5A94D886E3FFA68AA4DA2CF2 /* MenuBarVisibility.swift */; };
		438EB93BF3570F714E9D697A /* ProjectDiscoveryRootsTests.swift in Sources */ = {isa = PBXBuildFile; fileRef = 3E5A579BB68BCC38CEE2B639 /* ProjectDiscoveryRootsTests.swift */; };
		456155F7AC12D70B983601FD /* StorageAccessOnboardingTests.swift in Sources */ = {isa = PBXBuildFile; fileRef = 1AFD747FBB123A9904358E0A /* StorageAccessOnboardingTests.swift */; };
		4AF950C2A6897A027867C885 /* DiskPressurePolicy.swift in Sources */ = {isa = PBXBuildFile; fileRef = E680E94BFA1DCB3FAFFC2C49 /* DiskPressurePolicy.swift */; };
		4E901AA7BD99C8CDF8762CB9 /* AnthropicMessagesV1Adapter.swift in Sources */ = {isa = PBXBuildFile; fileRef = FDCDC3D5B4D5A496CF3665AB /* AnthropicMessagesV1Adapter.swift */; };
		5202C5C86B1A202C74180777 /* AIProviderSettingsModelTests.swift in Sources */ = {isa = PBXBuildFile; fileRef = 6D0DA4F4FF473FE892604101 /* AIProviderSettingsModelTests.swift */; };
		53A99BB7C2F6B03B07AE2CF6 /* MenuBarLabelMode.swift in Sources */ = {isa = PBXBuildFile; fileRef = A3EB2B2F30087D31F3248328 /* MenuBarLabelMode.swift */; };
		53C29759B7F11F41AC74A3F7 /* ExplorerScanPresentation.swift in Sources */ = {isa = PBXBuildFile; fileRef = 6AD9855FF446277F0FD7CF61 /* ExplorerScanPresentation.swift */; };
		53E4E344AA91A0080059AFDE /* ExplorerICloudLocalCopy.swift in Sources */ = {isa = PBXBuildFile; fileRef = 2C38D99C9A6751B9A489C6DC /* ExplorerICloudLocalCopy.swift */; };
		54A8ED9BB36CC23FC6A7A9E2 /* MenuBarPopoverPresentationTests.swift in Sources */ = {isa = PBXBuildFile; fileRef = D1B0106BC09B05FB4A3315F0 /* MenuBarPopoverPresentationTests.swift */; };
		5A7D9BDF524C846F223BB6F9 /* ExplorerStorageCategoryView.swift in Sources */ = {isa = PBXBuildFile; fileRef = 804D717507C0E3DE20C223E7 /* ExplorerStorageCategoryView.swift */; };
		5B2704582F4A5212DD5009FA /* TargetedReclaimScan.swift in Sources */ = {isa = PBXBuildFile; fileRef = 7EA6C57F26E2E092EDDC245E /* TargetedReclaimScan.swift */; };
		60D2A4D746C6852A5DEC1421 /* DuxTheme.swift in Sources */ = {isa = PBXBuildFile; fileRef = 6CA254C50C42B2794741510F /* DuxTheme.swift */; };
		633C5D342A153DA0592F1860 /* CleanupQualificationNotice.swift in Sources */ = {isa = PBXBuildFile; fileRef = 71D9703577FB5FBF2A85BE19 /* CleanupQualificationNotice.swift */; };
		6395D03FA99BF89464308B21 /* SnapshotRetentionCapSettingsModel.swift in Sources */ = {isa = PBXBuildFile; fileRef = 6DFC4B491CD206E2B97AFC08 /* SnapshotRetentionCapSettingsModel.swift */; };
		658FFC54EFFE3CBD5757C421 /* ExplorerRustTargetPlanReview.swift in Sources */ = {isa = PBXBuildFile; fileRef = A2474C1A29633D0EA9762D95 /* ExplorerRustTargetPlanReview.swift */; };
		65A461E9B89E27C3EE933F9C /* DuxOwnedStorageFootprintTests.swift in Sources */ = {isa = PBXBuildFile; fileRef = DAF5B3FD94A5C1C15AB0CDB3 /* DuxOwnedStorageFootprintTests.swift */; };
		67976B691917A5B51F6CFA1A /* SnapshotRetentionCap.swift in Sources */ = {isa = PBXBuildFile; fileRef = 612DAA81619B121C5E3AB89D /* SnapshotRetentionCap.swift */; };
		67D666FCB5E6127348462DA6 /* ExplorerAIExplanation.swift in Sources */ = {isa = PBXBuildFile; fileRef = 8FD9514A63F2F6C49D20E5DB /* ExplorerAIExplanation.swift */; };
		67FB40BBEEEFB481CBE219F9 /* ExplorerTreemapLayout.swift in Sources */ = {isa = PBXBuildFile; fileRef = ECF2BF563EFDDD94DDA963D6 /* ExplorerTreemapLayout.swift */; };
		682874C2EF5117179FEF9FB0 /* ICloudLocalCopyRawFactReaderTests.swift in Sources */ = {isa = PBXBuildFile; fileRef = C958E8D58ECB6A07595C0020 /* ICloudLocalCopyRawFactReaderTests.swift */; };
		694FEFE9E072EB001E1EC047 /* CLIInstallation.swift in Sources */ = {isa = PBXBuildFile; fileRef = 804F7173DDA1F5152C6D8776 /* CLIInstallation.swift */; };
		696B9C9944AE94B7A395BEC4 /* ExplorerSnapshotBrowserTests.swift in Sources */ = {isa = PBXBuildFile; fileRef = 3C92B6919925FC7337A95A88 /* ExplorerSnapshotBrowserTests.swift */; };
		698472090431D386CAF67824 /* ICloudLocalCopyMetadataDriver.swift in Sources */ = {isa = PBXBuildFile; fileRef = 4784308B9C780C63519C2F59 /* ICloudLocalCopyMetadataDriver.swift */; };
		69E28EFAD6A4109B80F1FC0C /* EngineService.swift in Sources */ = {isa = PBXBuildFile; fileRef = 78A0F475B15FE85FDC5B8C9A /* EngineService.swift */; };
		6A5A0F77C152EF7A4AA0D8FC /* ExplorerAIMetadataPreview.swift in Sources */ = {isa = PBXBuildFile; fileRef = DA825C0F30E0B10B8A1E25CD /* ExplorerAIMetadataPreview.swift */; };
		6C8DE5FAA7B917CB308B752A /* LoginItemService.swift in Sources */ = {isa = PBXBuildFile; fileRef = 00F758470BCC69B6999EDFAC /* LoginItemService.swift */; };
		6D2CB0DD262B22CF018B0874 /* DuxFFI.swift in Sources */ = {isa = PBXBuildFile; fileRef = EF48DC1674437397B29209BE /* DuxFFI.swift */; };
		6E80A759C1939343E81107EC /* CapacityResampleRouter.swift in Sources */ = {isa = PBXBuildFile; fileRef = 76FE4A0BA11BA5271764EAEE /* CapacityResampleRouter.swift */; };
		7170FDE2CE91133179BABE41 /* ExplorerSnapshotBrowser.swift in Sources */ = {isa = PBXBuildFile; fileRef = 1755A317C8A40485B8BCFEC2 /* ExplorerSnapshotBrowser.swift */; };
		73134C24BA6FC45B5017B336 /* DiskPressurePolicyTests.swift in Sources */ = {isa = PBXBuildFile; fileRef = 757D490EB8939DA31C6EF02D /* DiskPressurePolicyTests.swift */; };
		734E6C2B45369B887C963EC7 /* ExplorerEmergencyRecoveryPresentation.swift in Sources */ = {isa = PBXBuildFile; fileRef = F480B95422A1B8004A30C552 /* ExplorerEmergencyRecoveryPresentation.swift */; };
		76EC0E5E418307DAD3E7E538 /* SnapshotRetentionCapSettingsView.swift in Sources */ = {isa = PBXBuildFile; fileRef = 8F3DFAB7D37FB336E81D4D0E /* SnapshotRetentionCapSettingsView.swift */; };
		77B94D8E2E5446B7FCB06947 /* NativeAIAnthropicMessagesV1Orchestrator.swift in Sources */ = {isa = PBXBuildFile; fileRef = A305AEE9853ACDCCD9B7F0F0 /* NativeAIAnthropicMessagesV1Orchestrator.swift */; };
		78A51594FA529010A6B9F989 /* ExplorerICloudLocalCopyTests.swift in Sources */ = {isa = PBXBuildFile; fileRef = 202EE1C718CC771AE148BEEC /* ExplorerICloudLocalCopyTests.swift */; };
		793B703D206DC486C21E7D0C /* DuxFFI.xcframework in Frameworks */ = {isa = PBXBuildFile; fileRef = 56D9D007E6D5ECD0CC81FA89 /* DuxFFI.xcframework */; };
		7C9EAF4A4F41FC7CA9BD9549 /* CLIInstallationModel.swift in Sources */ = {isa = PBXBuildFile; fileRef = 2A273AD2C6071E1FFA9F0058 /* CLIInstallationModel.swift */; };
		7F768043C3B2C3BAE65F87EA /* AIProviderSettingsModel.swift in Sources */ = {isa = PBXBuildFile; fileRef = 9F4A09A9DDC411DAA2E5FF60 /* AIProviderSettingsModel.swift */; };
		7F8BA1A15484B594CFEBBD5B /* ExplorerSnapshotBrowserView.swift in Sources */ = {isa = PBXBuildFile; fileRef = E0D8C5C31F6E4413F4546D3B /* ExplorerSnapshotBrowserView.swift */; };
		80066EDFA86C1475A5BEE0CD /* SnapshotReviewController.swift in Sources */ = {isa = PBXBuildFile; fileRef = B352437ADF86C831A87FB1B1 /* SnapshotReviewController.swift */; };
		82252F3716D168BB22A360E9 /* MenuBarContentView.swift in Sources */ = {isa = PBXBuildFile; fileRef = D62CBDBBBB0B3CE5E59D884E /* MenuBarContentView.swift */; };
		825D292E0E5963F2686862EB /* ExplorerPresentation.swift in Sources */ = {isa = PBXBuildFile; fileRef = EBB3467558C7AE4FCE0BA425 /* ExplorerPresentation.swift */; };
		82B51E5C65447BE378054BBE /* CleanupExclusionsTests.swift in Sources */ = {isa = PBXBuildFile; fileRef = 4080E5690C04BC83032E77D3 /* CleanupExclusionsTests.swift */; };
		87AF9A6CCBAE4C0B4B4D6785 /* Localizable.xcstrings in Resources */ = {isa = PBXBuildFile; fileRef = 5D0DB9F7F6DF9D1645B78CA1 /* Localizable.xcstrings */; };
		89E07BE22154707102CE06E0 /* AppActivationTests.swift in Sources */ = {isa = PBXBuildFile; fileRef = B419D8788359D5B4077A88E1 /* AppActivationTests.swift */; };
		8EB5E1FF5FA4ABAE4C295889 /* DirectCargoEnrollment.swift in Sources */ = {isa = PBXBuildFile; fileRef = 481525678A510656C5BCD53E /* DirectCargoEnrollment.swift */; };
		9033D6BF38DA8C7EE5FC6710 /* EngineServiceTests.swift in Sources */ = {isa = PBXBuildFile; fileRef = 00371DEF2482E0BC47D1A5D0 /* EngineServiceTests.swift */; };
		9065342E80BC5CB37AE2993A /* DiskPressureNotification.swift in Sources */ = {isa = PBXBuildFile; fileRef = C88A0AF7CE6989A83DC99EDE /* DiskPressureNotification.swift */; };
		9709A44C544029B494663336 /* DirectCargoEnrollmentTests.swift in Sources */ = {isa = PBXBuildFile; fileRef = FC516C5A7AB494F2FA88BBE8 /* DirectCargoEnrollmentTests.swift */; };
		9A3DBDB965C8E210473C6490 /* NativeAIAnthropicMessagesV1OrchestratorTests.swift in Sources */ = {isa = PBXBuildFile; fileRef = 1A27F1CCF98C15003F722B2E /* NativeAIAnthropicMessagesV1OrchestratorTests.swift */; };
		9A55E0195EA32915D5B991E1 /* MenuBarStatusLabel.swift in Sources */ = {isa = PBXBuildFile; fileRef = 891135824269D084AB770521 /* MenuBarStatusLabel.swift */; };
		9AA4A97A210E1755232F468F /* HomeScanService.swift in Sources */ = {isa = PBXBuildFile; fileRef = F237299D63EBE1AC54C52DC7 /* HomeScanService.swift */; };
		A0C7722803205A5B40CF76E9 /* NotificationAuthorizationState.swift in Sources */ = {isa = PBXBuildFile; fileRef = 33280A17F88457163775239A /* NotificationAuthorizationState.swift */; };
		A2062D67920A74190DB90038 /* ICloudLocalCopyMetadataDriverTests.swift in Sources */ = {isa = PBXBuildFile; fileRef = 058432D76EF6842ACA173065 /* ICloudLocalCopyMetadataDriverTests.swift */; };
		A22581AD0A835D4B3A091AB9 /* SparkleUpdateControllerTests.swift in Sources */ = {isa = PBXBuildFile; fileRef = FAFEB4D1BEBA7551020D92D5 /* SparkleUpdateControllerTests.swift */; };
		A2E4B158E99A1B2E81F2BA46 /* ExplorerSnapshotHistoryTests.swift in Sources */ = {isa = PBXBuildFile; fileRef = E2D14341C731093A7B42D184 /* ExplorerSnapshotHistoryTests.swift */; };
		A3936C11E7E090E3BDA6E986 /* EngineStatus.swift in Sources */ = {isa = PBXBuildFile; fileRef = ECB9598639A40687815737D2 /* EngineStatus.swift */; };
		A42B323E6AFBF9A52BF8EA68 /* DuxOwnedStorageFootprint.swift in Sources */ = {isa = PBXBuildFile; fileRef = 4C11E40C787EE7F9C316BD2C /* DuxOwnedStorageFootprint.swift */; };
		A6226BB7C74E61C8C58FE3EC /* CLIInstallationModelTests.swift in Sources */ = {isa = PBXBuildFile; fileRef = CDD77D22ECE473A09052CEAA /* CLIInstallationModelTests.swift */; };
		AB825F41BF25AC2558888B64 /* PersistentRecoveryDebt.swift in Sources */ = {isa = PBXBuildFile; fileRef = 9454CDFEE641930BD3F50327 /* PersistentRecoveryDebt.swift */; };
		B184EB4EE1399E7D26F41D7B /* VolumeMonitor.swift in Sources */ = {isa = PBXBuildFile; fileRef = CC650EAC7E25F66CC42436F6 /* VolumeMonitor.swift */; };
		B2ED4AB5CB0E06A953CAD6BB /* ExplorerStorageCategoryPresentationTests.swift in Sources */ = {isa = PBXBuildFile; fileRef = 82482B9B8D027D7C02127E94 /* ExplorerStorageCategoryPresentationTests.swift */; };
		B334563BD340D9E0B20D16D3 /* DuxApp.swift in Sources */ = {isa = PBXBuildFile; fileRef = 992E2D118DDE512C123CF820 /* DuxApp.swift */; };
		B34BE4E0B8AE46D166283EC0 /* DuxAppDelegateTests.swift in Sources */ = {isa = PBXBuildFile; fileRef = 4E504B7A8AC2DDFCF50B5EBD /* DuxAppDelegateTests.swift */; };
		B51064C365EA8AE0DDBF40E2 /* MenuBarVisibilityTests.swift in Sources */ = {isa = PBXBuildFile; fileRef = 52FFCCF28BCAB4846F17BB92 /* MenuBarVisibilityTests.swift */; };
		B5B300842B55B2131DB658FC /* VolumeMonitorTests.swift in Sources */ = {isa = PBXBuildFile; fileRef = 2FCFB814644FA433F09F5895 /* VolumeMonitorTests.swift */; };
		B81A932FB1889CC54A9615E9 /* ExplorerSnapshotHistoryAdapter.swift in Sources */ = {isa = PBXBuildFile; fileRef = 1FA2C07A281785D281E45016 /* ExplorerSnapshotHistoryAdapter.swift */; };
		BC528A118C87D8300F2D9E67 /* ProjectDiscoveryRoots.swift in Sources */ = {isa = PBXBuildFile; fileRef = 3A8BC009EBAE2FECDA8DCFFF /* ProjectDiscoveryRoots.swift */; };
		BE0C954C7F8D9F0F5F93D63E /* StorageAccessOnboarding.swift in Sources */ = {isa = PBXBuildFile; fileRef = F65ABB13456CB4A703946FEE /* StorageAccessOnboarding.swift */; };
		C19BB7F2B4E22421CDFECDB3 /* ExplorerRustTargetCleanupStatusView.swift in Sources */ = {isa = PBXBuildFile; fileRef = 220D471074EAC5C0E1912850 /* ExplorerRustTargetCleanupStatusView.swift */; };
		C277BE0D9A80047FB6527E54 /* NativeAIRemoteLifecycleTests.swift in Sources */ = {isa = PBXBuildFile; fileRef = 2B8A356D5C802FACCD17305D /* NativeAIRemoteLifecycleTests.swift */; };
		C2C2DBC37D90A06A1A6A2485 /* ExplorerSnapshotHistory.swift in Sources */ = {isa = PBXBuildFile; fileRef = 020F1629EB87DC6B74D73119 /* ExplorerSnapshotHistory.swift */; };
		C310092B690811A25EE68AA6 /* MaintenanceSchedulerTests.swift in Sources */ = {isa = PBXBuildFile; fileRef = 2CC5DC5A1B28AAFC688385CA /* MaintenanceSchedulerTests.swift */; };
		C4CC2B48AFD8309D5F052835 /* ExplorerSnapshotDiffView.swift in Sources */ = {isa = PBXBuildFile; fileRef = 6B04DB73E6C007DB40215382 /* ExplorerSnapshotDiffView.swift */; };
		C58B18B7C232C3CA8BA8AF22 /* ExplorerSnapshotDiff.swift in Sources */ = {isa = PBXBuildFile; fileRef = 199433D20D256D74BE6C553E /* ExplorerSnapshotDiff.swift */; };
		C72C3744F91655829C29982C /* AnthropicMessagesV1AdapterTests.swift in Sources */ = {isa = PBXBuildFile; fileRef = F2B8E8BE24A2D655320F799A /* AnthropicMessagesV1AdapterTests.swift */; };
		C7DCAA20F9922B9BB2764FB7 /* MenuBarPopoverPresentation.swift in Sources */ = {isa = PBXBuildFile; fileRef = F9367596E4BB11327AFC097D /* MenuBarPopoverPresentation.swift */; };
		C80CD6D9D30C598CBBE00B11 /* DiskPressurePolicyAppModelTests.swift in Sources */ = {isa = PBXBuildFile; fileRef = F1477499EB80DB74A899DD2D /* DiskPressurePolicyAppModelTests.swift */; };
		CA34FAC1C02FC6930CD9B5FB /* ICloudV58ReadOnlyQualificationTests.swift in Sources */ = {isa = PBXBuildFile; fileRef = C3295C7565B8BCBA9527F3A9 /* ICloudV58ReadOnlyQualificationTests.swift */; };
		D026D7FC625D6956F4293FF2 /* StorageAccessProbeService.swift in Sources */ = {isa = PBXBuildFile; fileRef = 6381B23B2DFA3EB7BE8CB06C /* StorageAccessProbeService.swift */; };
		D13F735EB3E2F0370D8A27FF /* ICloudIdentityQualificationReaderTests.swift in Sources */ = {isa = PBXBuildFile; fileRef = 4A868B2E4F3ACE85EFEA4383 /* ICloudIdentityQualificationReaderTests.swift */; };
		D1948288BB8C18A931312A59 /* AppScanState.swift in Sources */ = {isa = PBXBuildFile; fileRef = 9BFF59D4307552B1A1A571ED /* AppScanState.swift */; };
		D1CDD0944327D2028E123D47 /* LoginItemState.swift in Sources */ = {isa = PBXBuildFile; fileRef = 09BEEFC99984A8BEF618627B /* LoginItemState.swift */; };
		D7774AC65826D44894EEE35C /* ExplorerEmergencyRecoveryPresentationTests.swift in Sources */ = {isa = PBXBuildFile; fileRef = F95443F6398624093DD506B5 /* ExplorerEmergencyRecoveryPresentationTests.swift */; };
		DA1ED81D9978B01C96F71C5B /* ExplorerStorageCategoryPresentation.swift in Sources */ = {isa = PBXBuildFile; fileRef = 3A4FB349E02B99F8A2C86068 /* ExplorerStorageCategoryPresentation.swift */; };
		DA3D780367494E373C95CBD6 /* DuxOwnedStorageFootprintSettingsView.swift in Sources */ = {isa = PBXBuildFile; fileRef = D6A542CD3D53A5B5A5CF35C1 /* DuxOwnedStorageFootprintSettingsView.swift */; };
		DCF5B8FBAFD549C1DE06FCA8 /* SnapshotReviewControllerTests.swift in Sources */ = {isa = PBXBuildFile; fileRef = 0EB23A8797C0C79213B54953 /* SnapshotReviewControllerTests.swift */; };
		DF05169CA19C2B5B8B46A526 /* PermanentCleanupPolicyAppModelTests.swift in Sources */ = {isa = PBXBuildFile; fileRef = C7344DCCD01D4B610AB0D6EE /* PermanentCleanupPolicyAppModelTests.swift */; };
		DFE0C81F60CB8B06CA50A90E /* SnapshotRetentionCapTests.swift in Sources */ = {isa = PBXBuildFile; fileRef = 00A03099577360B3C5E0C97E /* SnapshotRetentionCapTests.swift */; };
		E0A86A133058832D8BCD65DF /* DuxSettingsView.swift in Sources */ = {isa = PBXBuildFile; fileRef = 90E79F7E2E1AE1AE3886E44C /* DuxSettingsView.swift */; };
		E0BB78AA27DBAE50E25F5AC1 /* TargetedReclaimScanTests.swift in Sources */ = {isa = PBXBuildFile; fileRef = 289D78FBD96E5F2FB078D967 /* TargetedReclaimScanTests.swift */; };
		E81F7E7B392E1FC53DCA2694 /* ExplorerView.swift in Sources */ = {isa = PBXBuildFile; fileRef = 0C323FB00501BAB48AEB63FB /* ExplorerView.swift */; };
		EBB7BF01A450377B509DBF98 /* PermanentCleanupPolicyServiceTests.swift in Sources */ = {isa = PBXBuildFile; fileRef = 3465EC90D32D2BF93E5AE40E /* PermanentCleanupPolicyServiceTests.swift */; };
		EDEFC4C0E9FBCA36F1A321B7 /* ICloudLocalCopyRawFactReader.swift in Sources */ = {isa = PBXBuildFile; fileRef = E75D1FF22EB1F0B9C8C1CAE7 /* ICloudLocalCopyRawFactReader.swift */; };
		EE4142B2E95480842A3D2F6F /* PersistentRecoveryDebtTests.swift in Sources */ = {isa = PBXBuildFile; fileRef = AA63379EA3729745926AAA25 /* PersistentRecoveryDebtTests.swift */; };
		F13FF9D297B0C728370709E6 /* ExplorerAIExplanationView.swift in Sources */ = {isa = PBXBuildFile; fileRef = 2F6E7BE8A5FD5F3C1B3CD443 /* ExplorerAIExplanationView.swift */; };
		F15B5D201B3999357726267B /* ExplorerCandidateDetailTests.swift in Sources */ = {isa = PBXBuildFile; fileRef = A6487553410FBD25687B2BAD /* ExplorerCandidateDetailTests.swift */; };
		F8312C57A5FC0BB18F00A005 /* ExplorerAIExplanationService.swift in Sources */ = {isa = PBXBuildFile; fileRef = FD0CB920AB3DDB40E4683159 /* ExplorerAIExplanationService.swift */; };
		F882EEB3ADB88FE6415F3FEB /* DuxOwnedStorageFootprintSettingsModel.swift in Sources */ = {isa = PBXBuildFile; fileRef = 7B8D53263B68D0C8ECFB4CCE /* DuxOwnedStorageFootprintSettingsModel.swift */; };
		F98AE551A0800EF119A7FF70 /* NativeAIRemoteLifecycle.swift in Sources */ = {isa = PBXBuildFile; fileRef = 9C55D756FBC69B3F151CA3E2 /* NativeAIRemoteLifecycle.swift */; };
		FA6286B07FD264E2A7D7A755 /* ExplorerPresentationTests.swift in Sources */ = {isa = PBXBuildFile; fileRef = B0F3AFE3DD4D58E3C865B39E /* ExplorerPresentationTests.swift */; };
		FC8D3C5F78E92C1A2023D472 /* HomeScanAppModelTests.swift in Sources */ = {isa = PBXBuildFile; fileRef = 9EA478D2D65F8593B4121C24 /* HomeScanAppModelTests.swift */; };
		FE5C4E8B42B493C8A111135C /* AIProviderCredentialStoreTests.swift in Sources */ = {isa = PBXBuildFile; fileRef = EA6E06D520DB6F9DFD1A9A58 /* AIProviderCredentialStoreTests.swift */; };
		FF16E00002EB5CBC2AEBB6D1 /* VolumeCapacitySnapshot.swift in Sources */ = {isa = PBXBuildFile; fileRef = 682051DD7F1B44E0D477AF57 /* VolumeCapacitySnapshot.swift */; };
/* End PBXBuildFile section */

/* Begin PBXContainerItemProxy section */
		F135989ACC663FA2F5287C71 /* PBXContainerItemProxy */ = {
			isa = PBXContainerItemProxy;
			containerPortal = 03147346CE8BA5C1694FBBE4 /* Project object */;
			proxyType = 1;
			remoteGlobalIDString = E9998AED5B26818E5AE9FFBF;
			remoteInfo = Dux;
		};
/* End PBXContainerItemProxy section */

/* Begin PBXFileReference section */
		00371DEF2482E0BC47D1A5D0 /* EngineServiceTests.swift */ = {isa = PBXFileReference; lastKnownFileType = sourcecode.swift; path = EngineServiceTests.swift; sourceTree = "<group>"; };
		00A03099577360B3C5E0C97E /* SnapshotRetentionCapTests.swift */ = {isa = PBXFileReference; lastKnownFileType = sourcecode.swift; path = SnapshotRetentionCapTests.swift; sourceTree = "<group>"; };
		00F758470BCC69B6999EDFAC /* LoginItemService.swift */ = {isa = PBXFileReference; lastKnownFileType = sourcecode.swift; path = LoginItemService.swift; sourceTree = "<group>"; };
		0111F34C431E515A86A780F4 /* AppActivation.swift */ = {isa = PBXFileReference; lastKnownFileType = sourcecode.swift; path = AppActivation.swift; sourceTree = "<group>"; };
		020F1629EB87DC6B74D73119 /* ExplorerSnapshotHistory.swift */ = {isa = PBXFileReference; lastKnownFileType = sourcecode.swift; path = ExplorerSnapshotHistory.swift; sourceTree = "<group>"; };
		0364E665A1D4CC4529A2C966 /* PermanentCleanupPolicy.swift */ = {isa = PBXFileReference; lastKnownFileType = sourcecode.swift; path = PermanentCleanupPolicy.swift; sourceTree = "<group>"; };
		058432D76EF6842ACA173065 /* ICloudLocalCopyMetadataDriverTests.swift */ = {isa = PBXFileReference; lastKnownFileType = sourcecode.swift; path = ICloudLocalCopyMetadataDriverTests.swift; sourceTree = "<group>"; };
		09BEEFC99984A8BEF618627B /* LoginItemState.swift */ = {isa = PBXFileReference; lastKnownFileType = sourcecode.swift; path = LoginItemState.swift; sourceTree = "<group>"; };
		0C323FB00501BAB48AEB63FB /* ExplorerView.swift */ = {isa = PBXFileReference; lastKnownFileType = sourcecode.swift; path = ExplorerView.swift; sourceTree = "<group>"; };
		0E28592DDBF7BFA26427D66A /* MaintenanceScheduler.swift */ = {isa = PBXFileReference; lastKnownFileType = sourcecode.swift; path = MaintenanceScheduler.swift; sourceTree = "<group>"; };
		0EB23A8797C0C79213B54953 /* SnapshotReviewControllerTests.swift */ = {isa = PBXFileReference; lastKnownFileType = sourcecode.swift; path = SnapshotReviewControllerTests.swift; sourceTree = "<group>"; };
		1755A317C8A40485B8BCFEC2 /* ExplorerSnapshotBrowser.swift */ = {isa = PBXFileReference; lastKnownFileType = sourcecode.swift; path = ExplorerSnapshotBrowser.swift; sourceTree = "<group>"; };
		199433D20D256D74BE6C553E /* ExplorerSnapshotDiff.swift */ = {isa = PBXFileReference; lastKnownFileType = sourcecode.swift; path = ExplorerSnapshotDiff.swift; sourceTree = "<group>"; };
		1A27F1CCF98C15003F722B2E /* NativeAIAnthropicMessagesV1OrchestratorTests.swift */ = {isa = PBXFileReference; lastKnownFileType = sourcecode.swift; path = NativeAIAnthropicMessagesV1OrchestratorTests.swift; sourceTree = "<group>"; };
		1AFD747FBB123A9904358E0A /* StorageAccessOnboardingTests.swift */ = {isa = PBXFileReference; lastKnownFileType = sourcecode.swift; path = StorageAccessOnboardingTests.swift; sourceTree = "<group>"; };
		1FA2C07A281785D281E45016 /* ExplorerSnapshotHistoryAdapter.swift */ = {isa = PBXFileReference; lastKnownFileType = sourcecode.swift; path = ExplorerSnapshotHistoryAdapter.swift; sourceTree = "<group>"; };
		202EE1C718CC771AE148BEEC /* ExplorerICloudLocalCopyTests.swift */ = {isa = PBXFileReference; lastKnownFileType = sourcecode.swift; path = ExplorerICloudLocalCopyTests.swift; sourceTree = "<group>"; };
		20BFD0F38533F3DEC52AE762 /* DUX.app */ = {isa = PBXFileReference; explicitFileType = wrapper.application; includeInIndex = 0; path = DUX.app; sourceTree = BUILT_PRODUCTS_DIR; };
		220D471074EAC5C0E1912850 /* ExplorerRustTargetCleanupStatusView.swift */ = {isa = PBXFileReference; lastKnownFileType = sourcecode.swift; path = ExplorerRustTargetCleanupStatusView.swift; sourceTree = "<group>"; };
		26F2FCFE19355018759E2E88 /* NotificationService.swift */ = {isa = PBXFileReference; lastKnownFileType = sourcecode.swift; path = NotificationService.swift; sourceTree = "<group>"; };
		270DEAAECA50BDE791B406B8 /* CLIInstallerServiceTests.swift */ = {isa = PBXFileReference; lastKnownFileType = sourcecode.swift; path = CLIInstallerServiceTests.swift; sourceTree = "<group>"; };
		289D78FBD96E5F2FB078D967 /* TargetedReclaimScanTests.swift */ = {isa = PBXFileReference; lastKnownFileType = sourcecode.swift; path = TargetedReclaimScanTests.swift; sourceTree = "<group>"; };
		2A273AD2C6071E1FFA9F0058 /* CLIInstallationModel.swift */ = {isa = PBXFileReference; lastKnownFileType = sourcecode.swift; path = CLIInstallationModel.swift; sourceTree = "<group>"; };
		2B8A356D5C802FACCD17305D /* NativeAIRemoteLifecycleTests.swift */ = {isa = PBXFileReference; lastKnownFileType = sourcecode.swift; path = NativeAIRemoteLifecycleTests.swift; sourceTree = "<group>"; };
		2C38D99C9A6751B9A489C6DC /* ExplorerICloudLocalCopy.swift */ = {isa = PBXFileReference; lastKnownFileType = sourcecode.swift; path = ExplorerICloudLocalCopy.swift; sourceTree = "<group>"; };
		2CC5DC5A1B28AAFC688385CA /* MaintenanceSchedulerTests.swift */ = {isa = PBXFileReference; lastKnownFileType = sourcecode.swift; path = MaintenanceSchedulerTests.swift; sourceTree = "<group>"; };
		2F6E7BE8A5FD5F3C1B3CD443 /* ExplorerAIExplanationView.swift */ = {isa = PBXFileReference; lastKnownFileType = sourcecode.swift; path = ExplorerAIExplanationView.swift; sourceTree = "<group>"; };
		2FCFB814644FA433F09F5895 /* VolumeMonitorTests.swift */ = {isa = PBXFileReference; lastKnownFileType = sourcecode.swift; path = VolumeMonitorTests.swift; sourceTree = "<group>"; };
		33280A17F88457163775239A /* NotificationAuthorizationState.swift */ = {isa = PBXFileReference; lastKnownFileType = sourcecode.swift; path = NotificationAuthorizationState.swift; sourceTree = "<group>"; };
		3465EC90D32D2BF93E5AE40E /* PermanentCleanupPolicyServiceTests.swift */ = {isa = PBXFileReference; lastKnownFileType = sourcecode.swift; path = PermanentCleanupPolicyServiceTests.swift; sourceTree = "<group>"; };
		35ED975AE2F8C3C5A18228C7 /* CapacitySamplingSchedulerTests.swift */ = {isa = PBXFileReference; lastKnownFileType = sourcecode.swift; path = CapacitySamplingSchedulerTests.swift; sourceTree = "<group>"; };
		3A4FB349E02B99F8A2C86068 /* ExplorerStorageCategoryPresentation.swift */ = {isa = PBXFileReference; lastKnownFileType = sourcecode.swift; path = ExplorerStorageCategoryPresentation.swift; sourceTree = "<group>"; };
		3A8BC009EBAE2FECDA8DCFFF /* ProjectDiscoveryRoots.swift */ = {isa = PBXFileReference; lastKnownFileType = sourcecode.swift; path = ProjectDiscoveryRoots.swift; sourceTree = "<group>"; };
		3C92B6919925FC7337A95A88 /* ExplorerSnapshotBrowserTests.swift */ = {isa = PBXFileReference; lastKnownFileType = sourcecode.swift; path = ExplorerSnapshotBrowserTests.swift; sourceTree = "<group>"; };
		3E5A579BB68BCC38CEE2B639 /* ProjectDiscoveryRootsTests.swift */ = {isa = PBXFileReference; lastKnownFileType = sourcecode.swift; path = ProjectDiscoveryRootsTests.swift; sourceTree = "<group>"; };
		4080E5690C04BC83032E77D3 /* CleanupExclusionsTests.swift */ = {isa = PBXFileReference; lastKnownFileType = sourcecode.swift; path = CleanupExclusionsTests.swift; sourceTree = "<group>"; };
		44CA5655F3A29195063554CC /* ExplorerLiveFileActions.swift */ = {isa = PBXFileReference; lastKnownFileType = sourcecode.swift; path = ExplorerLiveFileActions.swift; sourceTree = "<group>"; };
		4784308B9C780C63519C2F59 /* ICloudLocalCopyMetadataDriver.swift */ = {isa = PBXFileReference; lastKnownFileType = sourcecode.swift; path = ICloudLocalCopyMetadataDriver.swift; sourceTree = "<group>"; };
		481525678A510656C5BCD53E /* DirectCargoEnrollment.swift */ = {isa = PBXFileReference; lastKnownFileType = sourcecode.swift; path = DirectCargoEnrollment.swift; sourceTree = "<group>"; };
		4A868B2E4F3ACE85EFEA4383 /* ICloudIdentityQualificationReaderTests.swift */ = {isa = PBXFileReference; lastKnownFileType = sourcecode.swift; path = ICloudIdentityQualificationReaderTests.swift; sourceTree = "<group>"; };
		4C11E40C787EE7F9C316BD2C /* DuxOwnedStorageFootprint.swift */ = {isa = PBXFileReference; lastKnownFileType = sourcecode.swift; path = DuxOwnedStorageFootprint.swift; sourceTree = "<group>"; };
		4E504B7A8AC2DDFCF50B5EBD /* DuxAppDelegateTests.swift */ = {isa = PBXFileReference; lastKnownFileType = sourcecode.swift; path = DuxAppDelegateTests.swift; sourceTree = "<group>"; };
		52FFCCF28BCAB4846F17BB92 /* MenuBarVisibilityTests.swift */ = {isa = PBXFileReference; lastKnownFileType = sourcecode.swift; path = MenuBarVisibilityTests.swift; sourceTree = "<group>"; };
		56D9D007E6D5ECD0CC81FA89 /* DuxFFI.xcframework */ = {isa = PBXFileReference; lastKnownFileType = wrapper.xcframework; name = DuxFFI.xcframework; path = Generated/DuxFFI.xcframework; sourceTree = "<group>"; };
		5886CE7BF8E925F97031749F /* DuxAppDelegate.swift */ = {isa = PBXFileReference; lastKnownFileType = sourcecode.swift; path = DuxAppDelegate.swift; sourceTree = "<group>"; };
		5A3578A19CABE3B2A6AD432D /* AIProviderCredentialStore.swift */ = {isa = PBXFileReference; lastKnownFileType = sourcecode.swift; path = AIProviderCredentialStore.swift; sourceTree = "<group>"; };
		5A94D886E3FFA68AA4DA2CF2 /* MenuBarVisibility.swift */ = {isa = PBXFileReference; lastKnownFileType = sourcecode.swift; path = MenuBarVisibility.swift; sourceTree = "<group>"; };
		5D0DB9F7F6DF9D1645B78CA1 /* Localizable.xcstrings */ = {isa = PBXFileReference; lastKnownFileType = text.json.xcstrings; path = Localizable.xcstrings; sourceTree = "<group>"; };
		612DAA81619B121C5E3AB89D /* SnapshotRetentionCap.swift */ = {isa = PBXFileReference; lastKnownFileType = sourcecode.swift; path = SnapshotRetentionCap.swift; sourceTree = "<group>"; };
		6381B23B2DFA3EB7BE8CB06C /* StorageAccessProbeService.swift */ = {isa = PBXFileReference; lastKnownFileType = sourcecode.swift; path = StorageAccessProbeService.swift; sourceTree = "<group>"; };
		682051DD7F1B44E0D477AF57 /* VolumeCapacitySnapshot.swift */ = {isa = PBXFileReference; lastKnownFileType = sourcecode.swift; path = VolumeCapacitySnapshot.swift; sourceTree = "<group>"; };
		69582E0ECA8FB4232F1D18A7 /* AppModelTerminalQuiescenceTests.swift */ = {isa = PBXFileReference; lastKnownFileType = sourcecode.swift; path = AppModelTerminalQuiescenceTests.swift; sourceTree = "<group>"; };
		698B5370D8F8E4DD240D95C8 /* SparkleUpdateController.swift */ = {isa = PBXFileReference; lastKnownFileType = sourcecode.swift; path = SparkleUpdateController.swift; sourceTree = "<group>"; };
		6AD9855FF446277F0FD7CF61 /* ExplorerScanPresentation.swift */ = {isa = PBXFileReference; lastKnownFileType = sourcecode.swift; path = ExplorerScanPresentation.swift; sourceTree = "<group>"; };
		6B04DB73E6C007DB40215382 /* ExplorerSnapshotDiffView.swift */ = {isa = PBXFileReference; lastKnownFileType = sourcecode.swift; path = ExplorerSnapshotDiffView.swift; sourceTree = "<group>"; };
		6B1C410140302F8947E4C31A /* AppModel.swift */ = {isa = PBXFileReference; lastKnownFileType = sourcecode.swift; path = AppModel.swift; sourceTree = "<group>"; };
		6CA254C50C42B2794741510F /* DuxTheme.swift */ = {isa = PBXFileReference; lastKnownFileType = sourcecode.swift; path = DuxTheme.swift; sourceTree = "<group>"; };
		6D0DA4F4FF473FE892604101 /* AIProviderSettingsModelTests.swift */ = {isa = PBXFileReference; lastKnownFileType = sourcecode.swift; path = AIProviderSettingsModelTests.swift; sourceTree = "<group>"; };
		6DFC4B491CD206E2B97AFC08 /* SnapshotRetentionCapSettingsModel.swift */ = {isa = PBXFileReference; lastKnownFileType = sourcecode.swift; path = SnapshotRetentionCapSettingsModel.swift; sourceTree = "<group>"; };
		6E19A5F90FB852E3108A2F8C /* ExplorerCandidateDetail.swift */ = {isa = PBXFileReference; lastKnownFileType = sourcecode.swift; path = ExplorerCandidateDetail.swift; sourceTree = "<group>"; };
		6F956883ADF25D4F41565B64 /* DuxTests.xctest */ = {isa = PBXFileReference; explicitFileType = wrapper.cfbundle; includeInIndex = 0; path = DuxTests.xctest; sourceTree = BUILT_PRODUCTS_DIR; };
		71D9703577FB5FBF2A85BE19 /* CleanupQualificationNotice.swift */ = {isa = PBXFileReference; lastKnownFileType = sourcecode.swift; path = CleanupQualificationNotice.swift; sourceTree = "<group>"; };
		757D490EB8939DA31C6EF02D /* DiskPressurePolicyTests.swift */ = {isa = PBXFileReference; lastKnownFileType = sourcecode.swift; path = DiskPressurePolicyTests.swift; sourceTree = "<group>"; };
		76FE4A0BA11BA5271764EAEE /* CapacityResampleRouter.swift */ = {isa = PBXFileReference; lastKnownFileType = sourcecode.swift; path = CapacityResampleRouter.swift; sourceTree = "<group>"; };
		78A0F475B15FE85FDC5B8C9A /* EngineService.swift */ = {isa = PBXFileReference; lastKnownFileType = sourcecode.swift; path = EngineService.swift; sourceTree = "<group>"; };
		7B8D53263B68D0C8ECFB4CCE /* DuxOwnedStorageFootprintSettingsModel.swift */ = {isa = PBXFileReference; lastKnownFileType = sourcecode.swift; path = DuxOwnedStorageFootprintSettingsModel.swift; sourceTree = "<group>"; };
		7EA6C57F26E2E092EDDC245E /* TargetedReclaimScan.swift */ = {isa = PBXFileReference; lastKnownFileType = sourcecode.swift; path = TargetedReclaimScan.swift; sourceTree = "<group>"; };
		804D717507C0E3DE20C223E7 /* ExplorerStorageCategoryView.swift */ = {isa = PBXFileReference; lastKnownFileType = sourcecode.swift; path = ExplorerStorageCategoryView.swift; sourceTree = "<group>"; };
		804F7173DDA1F5152C6D8776 /* CLIInstallation.swift */ = {isa = PBXFileReference; lastKnownFileType = sourcecode.swift; path = CLIInstallation.swift; sourceTree = "<group>"; };
		81697B3DD169F1295FED2C32 /* DuxICloudQualificationTests.xctest */ = {isa = PBXFileReference; explicitFileType = wrapper.cfbundle; includeInIndex = 0; path = DuxICloudQualificationTests.xctest; sourceTree = BUILT_PRODUCTS_DIR; };
		82482B9B8D027D7C02127E94 /* ExplorerStorageCategoryPresentationTests.swift */ = {isa = PBXFileReference; lastKnownFileType = sourcecode.swift; path = ExplorerStorageCategoryPresentationTests.swift; sourceTree = "<group>"; };
		82BBE0E1FEBC7C93637F1828 /* CleanupHistoryClearTests.swift */ = {isa = PBXFileReference; lastKnownFileType = sourcecode.swift; path = CleanupHistoryClearTests.swift; sourceTree = "<group>"; };
		87E734C8E8DC7C76A4D9AF3A /* ExplorerSnapshotTreemapView.swift */ = {isa = PBXFileReference; lastKnownFileType = sourcecode.swift; path = ExplorerSnapshotTreemapView.swift; sourceTree = "<group>"; };
		891135824269D084AB770521 /* MenuBarStatusLabel.swift */ = {isa = PBXFileReference; lastKnownFileType = sourcecode.swift; path = MenuBarStatusLabel.swift; sourceTree = "<group>"; };
		8F3DFAB7D37FB336E81D4D0E /* SnapshotRetentionCapSettingsView.swift */ = {isa = PBXFileReference; lastKnownFileType = sourcecode.swift; path = SnapshotRetentionCapSettingsView.swift; sourceTree = "<group>"; };
		8FD9514A63F2F6C49D20E5DB /* ExplorerAIExplanation.swift */ = {isa = PBXFileReference; lastKnownFileType = sourcecode.swift; path = ExplorerAIExplanation.swift; sourceTree = "<group>"; };
		90E79F7E2E1AE1AE3886E44C /* DuxSettingsView.swift */ = {isa = PBXFileReference; lastKnownFileType = sourcecode.swift; path = DuxSettingsView.swift; sourceTree = "<group>"; };
		92DE42239C384C2CCB3FF8C9 /* ExplorerTreemapLayoutTests.swift */ = {isa = PBXFileReference; lastKnownFileType = sourcecode.swift; path = ExplorerTreemapLayoutTests.swift; sourceTree = "<group>"; };
		9454CDFEE641930BD3F50327 /* PersistentRecoveryDebt.swift */ = {isa = PBXFileReference; lastKnownFileType = sourcecode.swift; path = PersistentRecoveryDebt.swift; sourceTree = "<group>"; };
		992E2D118DDE512C123CF820 /* DuxApp.swift */ = {isa = PBXFileReference; lastKnownFileType = sourcecode.swift; path = DuxApp.swift; sourceTree = "<group>"; };
		9BFF59D4307552B1A1A571ED /* AppScanState.swift */ = {isa = PBXFileReference; lastKnownFileType = sourcecode.swift; path = AppScanState.swift; sourceTree = "<group>"; };
		9C55D756FBC69B3F151CA3E2 /* NativeAIRemoteLifecycle.swift */ = {isa = PBXFileReference; lastKnownFileType = sourcecode.swift; path = NativeAIRemoteLifecycle.swift; sourceTree = "<group>"; };
		9EA478D2D65F8593B4121C24 /* HomeScanAppModelTests.swift */ = {isa = PBXFileReference; lastKnownFileType = sourcecode.swift; path = HomeScanAppModelTests.swift; sourceTree = "<group>"; };
		9F4A09A9DDC411DAA2E5FF60 /* AIProviderSettingsModel.swift */ = {isa = PBXFileReference; lastKnownFileType = sourcecode.swift; path = AIProviderSettingsModel.swift; sourceTree = "<group>"; };
		A2474C1A29633D0EA9762D95 /* ExplorerRustTargetPlanReview.swift */ = {isa = PBXFileReference; lastKnownFileType = sourcecode.swift; path = ExplorerRustTargetPlanReview.swift; sourceTree = "<group>"; };
		A305AEE9853ACDCCD9B7F0F0 /* NativeAIAnthropicMessagesV1Orchestrator.swift */ = {isa = PBXFileReference; lastKnownFileType = sourcecode.swift; path = NativeAIAnthropicMessagesV1Orchestrator.swift; sourceTree = "<group>"; };
		A3EB2B2F30087D31F3248328 /* MenuBarLabelMode.swift */ = {isa = PBXFileReference; lastKnownFileType = sourcecode.swift; path = MenuBarLabelMode.swift; sourceTree = "<group>"; };
		A4CA028E691896DC7EE0629B /* ExplorerAIExplanationServiceTests.swift */ = {isa = PBXFileReference; lastKnownFileType = sourcecode.swift; path = ExplorerAIExplanationServiceTests.swift; sourceTree = "<group>"; };
		A53779E2149DE9DC52483E67 /* Info.plist */ = {isa = PBXFileReference; lastKnownFileType = text.plist; path = Info.plist; sourceTree = "<group>"; };
		A6487553410FBD25687B2BAD /* ExplorerCandidateDetailTests.swift */ = {isa = PBXFileReference; lastKnownFileType = sourcecode.swift; path = ExplorerCandidateDetailTests.swift; sourceTree = "<group>"; };
		A7E059F7226F0A472A29D189 /* ICloudIdentityQualificationHarness.swift */ = {isa = PBXFileReference; lastKnownFileType = sourcecode.swift; path = ICloudIdentityQualificationHarness.swift; sourceTree = "<group>"; };
		AA63379EA3729745926AAA25 /* PersistentRecoveryDebtTests.swift */ = {isa = PBXFileReference; lastKnownFileType = sourcecode.swift; path = PersistentRecoveryDebtTests.swift; sourceTree = "<group>"; };
		B0F3AFE3DD4D58E3C865B39E /* ExplorerPresentationTests.swift */ = {isa = PBXFileReference; lastKnownFileType = sourcecode.swift; path = ExplorerPresentationTests.swift; sourceTree = "<group>"; };
		B352437ADF86C831A87FB1B1 /* SnapshotReviewController.swift */ = {isa = PBXFileReference; lastKnownFileType = sourcecode.swift; path = SnapshotReviewController.swift; sourceTree = "<group>"; };
		B419D8788359D5B4077A88E1 /* AppActivationTests.swift */ = {isa = PBXFileReference; lastKnownFileType = sourcecode.swift; path = AppActivationTests.swift; sourceTree = "<group>"; };
		B8FEAB33B6260A09B2B89068 /* CLIInstallerService.swift */ = {isa = PBXFileReference; lastKnownFileType = sourcecode.swift; path = CLIInstallerService.swift; sourceTree = "<group>"; };
		BC3D3A74B5321BE3B879C232 /* CLIInstallationSettingsView.swift */ = {isa = PBXFileReference; lastKnownFileType = sourcecode.swift; path = CLIInstallationSettingsView.swift; sourceTree = "<group>"; };
		C3295C7565B8BCBA9527F3A9 /* ICloudV58ReadOnlyQualificationTests.swift */ = {isa = PBXFileReference; lastKnownFileType = sourcecode.swift; path = ICloudV58ReadOnlyQualificationTests.swift; sourceTree = "<group>"; };
		C5CC6787D484FCC35A64D673 /* NotificationAuthorizationTests.swift */ = {isa = PBXFileReference; lastKnownFileType = sourcecode.swift; path = NotificationAuthorizationTests.swift; sourceTree = "<group>"; };
		C7344DCCD01D4B610AB0D6EE /* PermanentCleanupPolicyAppModelTests.swift */ = {isa = PBXFileReference; lastKnownFileType = sourcecode.swift; path = PermanentCleanupPolicyAppModelTests.swift; sourceTree = "<group>"; };
		C762D5BE39976247D2390515 /* CapacityBar.swift */ = {isa = PBXFileReference; lastKnownFileType = sourcecode.swift; path = CapacityBar.swift; sourceTree = "<group>"; };
		C88A0AF7CE6989A83DC99EDE /* DiskPressureNotification.swift */ = {isa = PBXFileReference; lastKnownFileType = sourcecode.swift; path = DiskPressureNotification.swift; sourceTree = "<group>"; };
		C958E8D58ECB6A07595C0020 /* ICloudLocalCopyRawFactReaderTests.swift */ = {isa = PBXFileReference; lastKnownFileType = sourcecode.swift; path = ICloudLocalCopyRawFactReaderTests.swift; sourceTree = "<group>"; };
		CC650EAC7E25F66CC42436F6 /* VolumeMonitor.swift */ = {isa = PBXFileReference; lastKnownFileType = sourcecode.swift; path = VolumeMonitor.swift; sourceTree = "<group>"; };
		CDD77D22ECE473A09052CEAA /* CLIInstallationModelTests.swift */ = {isa = PBXFileReference; lastKnownFileType = sourcecode.swift; path = CLIInstallationModelTests.swift; sourceTree = "<group>"; };
		D1B0106BC09B05FB4A3315F0 /* MenuBarPopoverPresentationTests.swift */ = {isa = PBXFileReference; lastKnownFileType = sourcecode.swift; path = MenuBarPopoverPresentationTests.swift; sourceTree = "<group>"; };
		D62CBDBBBB0B3CE5E59D884E /* MenuBarContentView.swift */ = {isa = PBXFileReference; lastKnownFileType = sourcecode.swift; path = MenuBarContentView.swift; sourceTree = "<group>"; };
		D6A542CD3D53A5B5A5CF35C1 /* DuxOwnedStorageFootprintSettingsView.swift */ = {isa = PBXFileReference; lastKnownFileType = sourcecode.swift; path = DuxOwnedStorageFootprintSettingsView.swift; sourceTree = "<group>"; };
		DA825C0F30E0B10B8A1E25CD /* ExplorerAIMetadataPreview.swift */ = {isa = PBXFileReference; lastKnownFileType = sourcecode.swift; path = ExplorerAIMetadataPreview.swift; sourceTree = "<group>"; };
		DAF5B3FD94A5C1C15AB0CDB3 /* DuxOwnedStorageFootprintTests.swift */ = {isa = PBXFileReference; lastKnownFileType = sourcecode.swift; path = DuxOwnedStorageFootprintTests.swift; sourceTree = "<group>"; };
		DBBCF7E203EE1A85759CF8B5 /* AIMetadataPreviewTests.swift */ = {isa = PBXFileReference; lastKnownFileType = sourcecode.swift; path = AIMetadataPreviewTests.swift; sourceTree = "<group>"; };
		DD60DEE8D3093DACB89BB3DA /* CapacitySamplingScheduler.swift */ = {isa = PBXFileReference; lastKnownFileType = sourcecode.swift; path = CapacitySamplingScheduler.swift; sourceTree = "<group>"; };
		E004627B4660D326FE7632E2 /* MenuBarLabelModeTests.swift */ = {isa = PBXFileReference; lastKnownFileType = sourcecode.swift; path = MenuBarLabelModeTests.swift; sourceTree = "<group>"; };
		E0D8C5C31F6E4413F4546D3B /* ExplorerSnapshotBrowserView.swift */ = {isa = PBXFileReference; lastKnownFileType = sourcecode.swift; path = ExplorerSnapshotBrowserView.swift; sourceTree = "<group>"; };
		E2D14341C731093A7B42D184 /* ExplorerSnapshotHistoryTests.swift */ = {isa = PBXFileReference; lastKnownFileType = sourcecode.swift; path = ExplorerSnapshotHistoryTests.swift; sourceTree = "<group>"; };
		E3DAEBDDCC775D01A0D8FA48 /* DiskPressureNotificationTests.swift */ = {isa = PBXFileReference; lastKnownFileType = sourcecode.swift; path = DiskPressureNotificationTests.swift; sourceTree = "<group>"; };
		E680E94BFA1DCB3FAFFC2C49 /* DiskPressurePolicy.swift */ = {isa = PBXFileReference; lastKnownFileType = sourcecode.swift; path = DiskPressurePolicy.swift; sourceTree = "<group>"; };
		E75D1FF22EB1F0B9C8C1CAE7 /* ICloudLocalCopyRawFactReader.swift */ = {isa = PBXFileReference; lastKnownFileType = sourcecode.swift; path = ICloudLocalCopyRawFactReader.swift; sourceTree = "<group>"; };
		EA6E06D520DB6F9DFD1A9A58 /* AIProviderCredentialStoreTests.swift */ = {isa = PBXFileReference; lastKnownFileType = sourcecode.swift; path = AIProviderCredentialStoreTests.swift; sourceTree = "<group>"; };
		EBB3467558C7AE4FCE0BA425 /* ExplorerPresentation.swift */ = {isa = PBXFileReference; lastKnownFileType = sourcecode.swift; path = ExplorerPresentation.swift; sourceTree = "<group>"; };
		EC7DBC9B31FAA3F6BA354DFB /* ExplorerSnapshotDiffAdapter.swift */ = {isa = PBXFileReference; lastKnownFileType = sourcecode.swift; path = ExplorerSnapshotDiffAdapter.swift; sourceTree = "<group>"; };
		ECB9598639A40687815737D2 /* EngineStatus.swift */ = {isa = PBXFileReference; lastKnownFileType = sourcecode.swift; path = EngineStatus.swift; sourceTree = "<group>"; };
		ECF2BF563EFDDD94DDA963D6 /* ExplorerTreemapLayout.swift */ = {isa = PBXFileReference; lastKnownFileType = sourcecode.swift; path = ExplorerTreemapLayout.swift; sourceTree = "<group>"; };
		EE062AE6DB95F97D8C318422 /* LoginItemTests.swift */ = {isa = PBXFileReference; lastKnownFileType = sourcecode.swift; path = LoginItemTests.swift; sourceTree = "<group>"; };
		EF48DC1674437397B29209BE /* DuxFFI.swift */ = {isa = PBXFileReference; lastKnownFileType = sourcecode.swift; path = DuxFFI.swift; sourceTree = "<group>"; };
		F1477499EB80DB74A899DD2D /* DiskPressurePolicyAppModelTests.swift */ = {isa = PBXFileReference; lastKnownFileType = sourcecode.swift; path = DiskPressurePolicyAppModelTests.swift; sourceTree = "<group>"; };
		F237299D63EBE1AC54C52DC7 /* HomeScanService.swift */ = {isa = PBXFileReference; lastKnownFileType = sourcecode.swift; path = HomeScanService.swift; sourceTree = "<group>"; };
		F2B8E8BE24A2D655320F799A /* AnthropicMessagesV1AdapterTests.swift */ = {isa = PBXFileReference; lastKnownFileType = sourcecode.swift; path = AnthropicMessagesV1AdapterTests.swift; sourceTree = "<group>"; };
		F480B95422A1B8004A30C552 /* ExplorerEmergencyRecoveryPresentation.swift */ = {isa = PBXFileReference; lastKnownFileType = sourcecode.swift; path = ExplorerEmergencyRecoveryPresentation.swift; sourceTree = "<group>"; };
		F5E7867AEAC34A5EF08EF4A3 /* AppRuntime.swift */ = {isa = PBXFileReference; lastKnownFileType = sourcecode.swift; path = AppRuntime.swift; sourceTree = "<group>"; };
		F65ABB13456CB4A703946FEE /* StorageAccessOnboarding.swift */ = {isa = PBXFileReference; lastKnownFileType = sourcecode.swift; path = StorageAccessOnboarding.swift; sourceTree = "<group>"; };
		F9367596E4BB11327AFC097D /* MenuBarPopoverPresentation.swift */ = {isa = PBXFileReference; lastKnownFileType = sourcecode.swift; path = MenuBarPopoverPresentation.swift; sourceTree = "<group>"; };
		F95443F6398624093DD506B5 /* ExplorerEmergencyRecoveryPresentationTests.swift */ = {isa = PBXFileReference; lastKnownFileType = sourcecode.swift; path = ExplorerEmergencyRecoveryPresentationTests.swift; sourceTree = "<group>"; };
		FAFEB4D1BEBA7551020D92D5 /* SparkleUpdateControllerTests.swift */ = {isa = PBXFileReference; lastKnownFileType = sourcecode.swift; path = SparkleUpdateControllerTests.swift; sourceTree = "<group>"; };
		FC516C5A7AB494F2FA88BBE8 /* DirectCargoEnrollmentTests.swift */ = {isa = PBXFileReference; lastKnownFileType = sourcecode.swift; path = DirectCargoEnrollmentTests.swift; sourceTree = "<group>"; };
		FD0CB920AB3DDB40E4683159 /* ExplorerAIExplanationService.swift */ = {isa = PBXFileReference; lastKnownFileType = sourcecode.swift; path = ExplorerAIExplanationService.swift; sourceTree = "<group>"; };
		FDCDC3D5B4D5A496CF3665AB /* AnthropicMessagesV1Adapter.swift */ = {isa = PBXFileReference; lastKnownFileType = sourcecode.swift; path = AnthropicMessagesV1Adapter.swift; sourceTree = "<group>"; };
/* End PBXFileReference section */

/* Begin PBXFrameworksBuildPhase section */
		833E3DDF81E048CADEDE1549 /* Frameworks */ = {
			isa = PBXFrameworksBuildPhase;
			buildActionMask = 2147483647;
			files = (
				793B703D206DC486C21E7D0C /* DuxFFI.xcframework in Frameworks */,
				298CC9091B91B60ED98F7841 /* Sparkle in Frameworks */,
			);
			runOnlyForDeploymentPostprocessing = 0;
		};
/* End PBXFrameworksBuildPhase section */

/* Begin PBXGroup section */
		1D5C117B1B636A608BEDC372 /* Frameworks */ = {
			isa = PBXGroup;
			children = (
				56D9D007E6D5ECD0CC81FA89 /* DuxFFI.xcframework */,
			);
			name = Frameworks;
			sourceTree = "<group>";
		};
		262BBB113418CB5437E63133 /* Models */ = {
			isa = PBXGroup;
			children = (
				9BFF59D4307552B1A1A571ED /* AppScanState.swift */,
				804F7173DDA1F5152C6D8776 /* CLIInstallation.swift */,
				481525678A510656C5BCD53E /* DirectCargoEnrollment.swift */,
				C88A0AF7CE6989A83DC99EDE /* DiskPressureNotification.swift */,
				E680E94BFA1DCB3FAFFC2C49 /* DiskPressurePolicy.swift */,
				4C11E40C787EE7F9C316BD2C /* DuxOwnedStorageFootprint.swift */,
				ECB9598639A40687815737D2 /* EngineStatus.swift */,
				8FD9514A63F2F6C49D20E5DB /* ExplorerAIExplanation.swift */,
				DA825C0F30E0B10B8A1E25CD /* ExplorerAIMetadataPreview.swift */,
				6E19A5F90FB852E3108A2F8C /* ExplorerCandidateDetail.swift */,
				F480B95422A1B8004A30C552 /* ExplorerEmergencyRecoveryPresentation.swift */,
				2C38D99C9A6751B9A489C6DC /* ExplorerICloudLocalCopy.swift */,
				EBB3467558C7AE4FCE0BA425 /* ExplorerPresentation.swift */,
				A2474C1A29633D0EA9762D95 /* ExplorerRustTargetPlanReview.swift */,
				6AD9855FF446277F0FD7CF61 /* ExplorerScanPresentation.swift */,
				199433D20D256D74BE6C553E /* ExplorerSnapshotDiff.swift */,
				020F1629EB87DC6B74D73119 /* ExplorerSnapshotHistory.swift */,
				3A4FB349E02B99F8A2C86068 /* ExplorerStorageCategoryPresentation.swift */,
				09BEEFC99984A8BEF618627B /* LoginItemState.swift */,
				A3EB2B2F30087D31F3248328 /* MenuBarLabelMode.swift */,
				F9367596E4BB11327AFC097D /* MenuBarPopoverPresentation.swift */,
				5A94D886E3FFA68AA4DA2CF2 /* MenuBarVisibility.swift */,
				33280A17F88457163775239A /* NotificationAuthorizationState.swift */,
				0364E665A1D4CC4529A2C966 /* PermanentCleanupPolicy.swift */,
				9454CDFEE641930BD3F50327 /* PersistentRecoveryDebt.swift */,
				3A8BC009EBAE2FECDA8DCFFF /* ProjectDiscoveryRoots.swift */,
				612DAA81619B121C5E3AB89D /* SnapshotRetentionCap.swift */,
				F65ABB13456CB4A703946FEE /* StorageAccessOnboarding.swift */,
				7EA6C57F26E2E092EDDC245E /* TargetedReclaimScan.swift */,
				682051DD7F1B44E0D477AF57 /* VolumeCapacitySnapshot.swift */,
			);
			path = Models;
			sourceTree = "<group>";
		};
		2EEBA828602454FA55EFCA88 /* Dux */ = {
			isa = PBXGroup;
			children = (
				A53779E2149DE9DC52483E67 /* Info.plist */,
				C8ABAD334C2CCA8F180E16A7 /* App */,
				BB966BBF0EDEF627FA6F2D10 /* Generated */,
				262BBB113418CB5437E63133 /* Models */,
				DB4EADE02178BD281D2D2C19 /* Resources */,
				6D18EAB146ED5CF031EFB50F /* Services */,
				49B2AB0B90531E9F840C9AF9 /* Views */,
			);
			path = Dux;
			sourceTree = "<group>";
		};
		2EFF5D2A484D02E2E8BF2E1D = {
			isa = PBXGroup;
			children = (
				2EEBA828602454FA55EFCA88 /* Dux */,
				81473E83FA1CC99621A86736 /* DuxICloudQualificationTests */,
				D99006BA2888B4F4325AACFB /* DuxTests */,
				1D5C117B1B636A608BEDC372 /* Frameworks */,
				B8AD7331DC017716876BBB91 /* Products */,
			);
			sourceTree = "<group>";
		};
		49B2AB0B90531E9F840C9AF9 /* Views */ = {
			isa = PBXGroup;
			children = (
				C762D5BE39976247D2390515 /* CapacityBar.swift */,
				71D9703577FB5FBF2A85BE19 /* CleanupQualificationNotice.swift */,
				BC3D3A74B5321BE3B879C232 /* CLIInstallationSettingsView.swift */,
				D6A542CD3D53A5B5A5CF35C1 /* DuxOwnedStorageFootprintSettingsView.swift */,
				90E79F7E2E1AE1AE3886E44C /* DuxSettingsView.swift */,
				6CA254C50C42B2794741510F /* DuxTheme.swift */,
				2F6E7BE8A5FD5F3C1B3CD443 /* ExplorerAIExplanationView.swift */,
				220D471074EAC5C0E1912850 /* ExplorerRustTargetCleanupStatusView.swift */,
				E0D8C5C31F6E4413F4546D3B /* ExplorerSnapshotBrowserView.swift */,
				6B04DB73E6C007DB40215382 /* ExplorerSnapshotDiffView.swift */,
				87E734C8E8DC7C76A4D9AF3A /* ExplorerSnapshotTreemapView.swift */,
				804D717507C0E3DE20C223E7 /* ExplorerStorageCategoryView.swift */,
				ECF2BF563EFDDD94DDA963D6 /* ExplorerTreemapLayout.swift */,
				0C323FB00501BAB48AEB63FB /* ExplorerView.swift */,
				D62CBDBBBB0B3CE5E59D884E /* MenuBarContentView.swift */,
				891135824269D084AB770521 /* MenuBarStatusLabel.swift */,
				8F3DFAB7D37FB336E81D4D0E /* SnapshotRetentionCapSettingsView.swift */,
			);
			path = Views;
			sourceTree = "<group>";
		};
		6D18EAB146ED5CF031EFB50F /* Services */ = {
			isa = PBXGroup;
			children = (
				5A3578A19CABE3B2A6AD432D /* AIProviderCredentialStore.swift */,
				FDCDC3D5B4D5A496CF3665AB /* AnthropicMessagesV1Adapter.swift */,
				76FE4A0BA11BA5271764EAEE /* CapacityResampleRouter.swift */,
				DD60DEE8D3093DACB89BB3DA /* CapacitySamplingScheduler.swift */,
				B8FEAB33B6260A09B2B89068 /* CLIInstallerService.swift */,
				78A0F475B15FE85FDC5B8C9A /* EngineService.swift */,
				FD0CB920AB3DDB40E4683159 /* ExplorerAIExplanationService.swift */,
				44CA5655F3A29195063554CC /* ExplorerLiveFileActions.swift */,
				1755A317C8A40485B8BCFEC2 /* ExplorerSnapshotBrowser.swift */,
				EC7DBC9B31FAA3F6BA354DFB /* ExplorerSnapshotDiffAdapter.swift */,
				1FA2C07A281785D281E45016 /* ExplorerSnapshotHistoryAdapter.swift */,
				F237299D63EBE1AC54C52DC7 /* HomeScanService.swift */,
				4784308B9C780C63519C2F59 /* ICloudLocalCopyMetadataDriver.swift */,
				E75D1FF22EB1F0B9C8C1CAE7 /* ICloudLocalCopyRawFactReader.swift */,
				00F758470BCC69B6999EDFAC /* LoginItemService.swift */,
				0E28592DDBF7BFA26427D66A /* MaintenanceScheduler.swift */,
				A305AEE9853ACDCCD9B7F0F0 /* NativeAIAnthropicMessagesV1Orchestrator.swift */,
				9C55D756FBC69B3F151CA3E2 /* NativeAIRemoteLifecycle.swift */,
				26F2FCFE19355018759E2E88 /* NotificationService.swift */,
				B352437ADF86C831A87FB1B1 /* SnapshotReviewController.swift */,
				6381B23B2DFA3EB7BE8CB06C /* StorageAccessProbeService.swift */,
				CC650EAC7E25F66CC42436F6 /* VolumeMonitor.swift */,
			);
			path = Services;
			sourceTree = "<group>";
		};
		81473E83FA1CC99621A86736 /* DuxICloudQualificationTests */ = {
			isa = PBXGroup;
			children = (
				A7E059F7226F0A472A29D189 /* ICloudIdentityQualificationHarness.swift */,
				4A868B2E4F3ACE85EFEA4383 /* ICloudIdentityQualificationReaderTests.swift */,
				C3295C7565B8BCBA9527F3A9 /* ICloudV58ReadOnlyQualificationTests.swift */,
			);
			path = DuxICloudQualificationTests;
			sourceTree = "<group>";
		};
		B8AD7331DC017716876BBB91 /* Products */ = {
			isa = PBXGroup;
			children = (
				20BFD0F38533F3DEC52AE762 /* DUX.app */,
				81697B3DD169F1295FED2C32 /* DuxICloudQualificationTests.xctest */,
				6F956883ADF25D4F41565B64 /* DuxTests.xctest */,
			);
			name = Products;
			sourceTree = "<group>";
		};
		BB966BBF0EDEF627FA6F2D10 /* Generated */ = {
			isa = PBXGroup;
			children = (
				EF48DC1674437397B29209BE /* DuxFFI.swift */,
			);
			path = Generated;
			sourceTree = "<group>";
		};
		C8ABAD334C2CCA8F180E16A7 /* App */ = {
			isa = PBXGroup;
			children = (
				9F4A09A9DDC411DAA2E5FF60 /* AIProviderSettingsModel.swift */,
				0111F34C431E515A86A780F4 /* AppActivation.swift */,
				6B1C410140302F8947E4C31A /* AppModel.swift */,
				F5E7867AEAC34A5EF08EF4A3 /* AppRuntime.swift */,
				2A273AD2C6071E1FFA9F0058 /* CLIInstallationModel.swift */,
				992E2D118DDE512C123CF820 /* DuxApp.swift */,
				5886CE7BF8E925F97031749F /* DuxAppDelegate.swift */,
				7B8D53263B68D0C8ECFB4CCE /* DuxOwnedStorageFootprintSettingsModel.swift */,
				6DFC4B491CD206E2B97AFC08 /* SnapshotRetentionCapSettingsModel.swift */,
				698B5370D8F8E4DD240D95C8 /* SparkleUpdateController.swift */,
			);
			path = App;
			sourceTree = "<group>";
		};
		D99006BA2888B4F4325AACFB /* DuxTests */ = {
			isa = PBXGroup;
			children = (
				DBBCF7E203EE1A85759CF8B5 /* AIMetadataPreviewTests.swift */,
				EA6E06D520DB6F9DFD1A9A58 /* AIProviderCredentialStoreTests.swift */,
				6D0DA4F4FF473FE892604101 /* AIProviderSettingsModelTests.swift */,
				F2B8E8BE24A2D655320F799A /* AnthropicMessagesV1AdapterTests.swift */,
				B419D8788359D5B4077A88E1 /* AppActivationTests.swift */,
				69582E0ECA8FB4232F1D18A7 /* AppModelTerminalQuiescenceTests.swift */,
				35ED975AE2F8C3C5A18228C7 /* CapacitySamplingSchedulerTests.swift */,
				4080E5690C04BC83032E77D3 /* CleanupExclusionsTests.swift */,
				82BBE0E1FEBC7C93637F1828 /* CleanupHistoryClearTests.swift */,
				CDD77D22ECE473A09052CEAA /* CLIInstallationModelTests.swift */,
				270DEAAECA50BDE791B406B8 /* CLIInstallerServiceTests.swift */,
				FC516C5A7AB494F2FA88BBE8 /* DirectCargoEnrollmentTests.swift */,
				E3DAEBDDCC775D01A0D8FA48 /* DiskPressureNotificationTests.swift */,
				F1477499EB80DB74A899DD2D /* DiskPressurePolicyAppModelTests.swift */,
				757D490EB8939DA31C6EF02D /* DiskPressurePolicyTests.swift */,
				4E504B7A8AC2DDFCF50B5EBD /* DuxAppDelegateTests.swift */,
				DAF5B3FD94A5C1C15AB0CDB3 /* DuxOwnedStorageFootprintTests.swift */,
				00371DEF2482E0BC47D1A5D0 /* EngineServiceTests.swift */,
				A4CA028E691896DC7EE0629B /* ExplorerAIExplanationServiceTests.swift */,
				A6487553410FBD25687B2BAD /* ExplorerCandidateDetailTests.swift */,
				F95443F6398624093DD506B5 /* ExplorerEmergencyRecoveryPresentationTests.swift */,
				202EE1C718CC771AE148BEEC /* ExplorerICloudLocalCopyTests.swift */,
				B0F3AFE3DD4D58E3C865B39E /* ExplorerPresentationTests.swift */,
				3C92B6919925FC7337A95A88 /* ExplorerSnapshotBrowserTests.swift */,
				E2D14341C731093A7B42D184 /* ExplorerSnapshotHistoryTests.swift */,
				82482B9B8D027D7C02127E94 /* ExplorerStorageCategoryPresentationTests.swift */,
				92DE42239C384C2CCB3FF8C9 /* ExplorerTreemapLayoutTests.swift */,
				9EA478D2D65F8593B4121C24 /* HomeScanAppModelTests.swift */,
				058432D76EF6842ACA173065 /* ICloudLocalCopyMetadataDriverTests.swift */,
				C958E8D58ECB6A07595C0020 /* ICloudLocalCopyRawFactReaderTests.swift */,
				EE062AE6DB95F97D8C318422 /* LoginItemTests.swift */,
				2CC5DC5A1B28AAFC688385CA /* MaintenanceSchedulerTests.swift */,
				E004627B4660D326FE7632E2 /* MenuBarLabelModeTests.swift */,
				D1B0106BC09B05FB4A3315F0 /* MenuBarPopoverPresentationTests.swift */,
				52FFCCF28BCAB4846F17BB92 /* MenuBarVisibilityTests.swift */,
				1A27F1CCF98C15003F722B2E /* NativeAIAnthropicMessagesV1OrchestratorTests.swift */,
				2B8A356D5C802FACCD17305D /* NativeAIRemoteLifecycleTests.swift */,
				C5CC6787D484FCC35A64D673 /* NotificationAuthorizationTests.swift */,
				C7344DCCD01D4B610AB0D6EE /* PermanentCleanupPolicyAppModelTests.swift */,
				3465EC90D32D2BF93E5AE40E /* PermanentCleanupPolicyServiceTests.swift */,
				AA63379EA3729745926AAA25 /* PersistentRecoveryDebtTests.swift */,
				3E5A579BB68BCC38CEE2B639 /* ProjectDiscoveryRootsTests.swift */,
				00A03099577360B3C5E0C97E /* SnapshotRetentionCapTests.swift */,
				0EB23A8797C0C79213B54953 /* SnapshotReviewControllerTests.swift */,
				FAFEB4D1BEBA7551020D92D5 /* SparkleUpdateControllerTests.swift */,
				1AFD747FBB123A9904358E0A /* StorageAccessOnboardingTests.swift */,
				289D78FBD96E5F2FB078D967 /* TargetedReclaimScanTests.swift */,
				2FCFB814644FA433F09F5895 /* VolumeMonitorTests.swift */,
			);
			path = DuxTests;
			sourceTree = "<group>";
		};
		DB4EADE02178BD281D2D2C19 /* Resources */ = {
			isa = PBXGroup;
			children = (
				5D0DB9F7F6DF9D1645B78CA1 /* Localizable.xcstrings */,
			);
			path = Resources;
			sourceTree = "<group>";
		};
/* End PBXGroup section */

/* Begin PBXNativeTarget section */
		84FEC349543BCE2F24A83E54 /* DuxICloudQualificationTests */ = {
			isa = PBXNativeTarget;
			buildConfigurationList = 57B2EBEB4B08DD6F7000A8BD /* Build configuration list for PBXNativeTarget "DuxICloudQualificationTests" */;
			buildPhases = (
				FB434F01DE265ADE92D486BE /* Sources */,
			);
			buildRules = (
			);
			dependencies = (
			);
			name = DuxICloudQualificationTests;
			packageProductDependencies = (
			);
			productName = DuxICloudQualificationTests;
			productReference = 81697B3DD169F1295FED2C32 /* DuxICloudQualificationTests.xctest */;
			productType = "com.apple.product-type.bundle.unit-test";
		};
		E9998AED5B26818E5AE9FFBF /* Dux */ = {
			isa = PBXNativeTarget;
			buildConfigurationList = 767BAA77480639B1969308BD /* Build configuration list for PBXNativeTarget "Dux" */;
			buildPhases = (
				2131515BF2CC6DED86BF3D0D /* Sources */,
				5B1C6824BA3D43E972B31EC8 /* Embed verified bundled CLI */,
				CA7600C479AB4D5747479606 /* Resources */,
				833E3DDF81E048CADEDE1549 /* Frameworks */,
			);
			buildRules = (
			);
			dependencies = (
			);
			name = Dux;
			packageProductDependencies = (
				C238BEC65D3EACCEBB98BF5B /* Sparkle */,
			);
			productName = Dux;
			productReference = 20BFD0F38533F3DEC52AE762 /* DUX.app */;
			productType = "com.apple.product-type.application";
		};
		EE576438111D3ADAF7AF71EE /* DuxTests */ = {
			isa = PBXNativeTarget;
			buildConfigurationList = 35E9A1B5F5E1F32199F14A8B /* Build configuration list for PBXNativeTarget "DuxTests" */;
			buildPhases = (
				1B6969E74A84F4DEF6E65CAE /* Sources */,
			);
			buildRules = (
			);
			dependencies = (
				F9A0AC901794630A959E4702 /* PBXTargetDependency */,
			);
			name = DuxTests;
			packageProductDependencies = (
			);
			productName = DuxTests;
			productReference = 6F956883ADF25D4F41565B64 /* DuxTests.xctest */;
			productType = "com.apple.product-type.bundle.unit-test";
		};
/* End PBXNativeTarget section */

/* Begin PBXProject section */
		03147346CE8BA5C1694FBBE4 /* Project object */ = {
			isa = PBXProject;
			attributes = {
				BuildIndependentTargetsInParallel = YES;
				LastUpgradeCheck = 1430;
			};
			buildConfigurationList = 092210A9033393BD82F2A0F4 /* Build configuration list for PBXProject "Dux" */;
			compatibilityVersion = "Xcode 14.0";
			developmentRegion = en;
			hasScannedForEncodings = 0;
			knownRegions = (
				Base,
				en,
			);
			mainGroup = 2EFF5D2A484D02E2E8BF2E1D;
			minimizedProjectReferenceProxies = 1;
			packageReferences = (
				70CB3C3A8F9D07A06DC59B14 /* XCRemoteSwiftPackageReference "Sparkle" */,
			);
			preferredProjectObjectVersion = 77;
			projectDirPath = "";
			projectRoot = "";
			targets = (
				E9998AED5B26818E5AE9FFBF /* Dux */,
				84FEC349543BCE2F24A83E54 /* DuxICloudQualificationTests */,
				EE576438111D3ADAF7AF71EE /* DuxTests */,
			);
		};
/* End PBXProject section */

/* Begin PBXResourcesBuildPhase section */
		CA7600C479AB4D5747479606 /* Resources */ = {
			isa = PBXResourcesBuildPhase;
			buildActionMask = 2147483647;
			files = (
				87AF9A6CCBAE4C0B4B4D6785 /* Localizable.xcstrings in Resources */,
			);
			runOnlyForDeploymentPostprocessing = 0;
		};
/* End PBXResourcesBuildPhase section */

/* Begin PBXShellScriptBuildPhase section */
		5B1C6824BA3D43E972B31EC8 /* Embed verified bundled CLI */ = {
			isa = PBXShellScriptBuildPhase;
			alwaysOutOfDate = 1;
			buildActionMask = 2147483647;
			files = (
			);
			inputFileListPaths = (
			);
			inputPaths = (
				"$(SRCROOT)/Generated/dux-cli-bundled",
				"$(SRCROOT)/Generated/dux-cli-bundled-metadata.json",
				"$(SRCROOT)/scripts/finalize-bundled-cli-metadata.py",
			);
			name = "Embed verified bundled CLI";
			outputFileListPaths = (
			);
			outputPaths = (
				"$(TARGET_BUILD_DIR)/$(UNLOCALIZED_RESOURCES_FOLDER_PATH)/dux-cli-bundled",
				"$(TARGET_BUILD_DIR)/$(UNLOCALIZED_RESOURCES_FOLDER_PATH)/dux-cli-bundled-metadata.json",
			);
			runOnlyForDeploymentPostprocessing = 0;
			shellPath = /bin/sh;
			shellScript = "\"$SRCROOT/scripts/embed-verified-bundled-cli.sh\"\n";
		};
/* End PBXShellScriptBuildPhase section */

/* Begin PBXSourcesBuildPhase section */
		1B6969E74A84F4DEF6E65CAE /* Sources */ = {
			isa = PBXSourcesBuildPhase;
			buildActionMask = 2147483647;
			files = (
				0BB060D8D88A9F203AC22800 /* AIMetadataPreviewTests.swift in Sources */,
				FE5C4E8B42B493C8A111135C /* AIProviderCredentialStoreTests.swift in Sources */,
				5202C5C86B1A202C74180777 /* AIProviderSettingsModelTests.swift in Sources */,
				C72C3744F91655829C29982C /* AnthropicMessagesV1AdapterTests.swift in Sources */,
				89E07BE22154707102CE06E0 /* AppActivationTests.swift in Sources */,
				0A91C9079687213952D088B6 /* AppModelTerminalQuiescenceTests.swift in Sources */,
				A6226BB7C74E61C8C58FE3EC /* CLIInstallationModelTests.swift in Sources */,
				1AE8B79436E6A5B6EBCF33B8 /* CLIInstallerServiceTests.swift in Sources */,
				3937244C9B394E27C9AF99F7 /* CapacitySamplingSchedulerTests.swift in Sources */,
				82B51E5C65447BE378054BBE /* CleanupExclusionsTests.swift in Sources */,
				298FEF81F562D9E794C1931A /* CleanupHistoryClearTests.swift in Sources */,
				9709A44C544029B494663336 /* DirectCargoEnrollmentTests.swift in Sources */,
				379997E40D1D0F4C99B1B4FE /* DiskPressureNotificationTests.swift in Sources */,
				C80CD6D9D30C598CBBE00B11 /* DiskPressurePolicyAppModelTests.swift in Sources */,
				73134C24BA6FC45B5017B336 /* DiskPressurePolicyTests.swift in Sources */,
				B34BE4E0B8AE46D166283EC0 /* DuxAppDelegateTests.swift in Sources */,
				65A461E9B89E27C3EE933F9C /* DuxOwnedStorageFootprintTests.swift in Sources */,
				9033D6BF38DA8C7EE5FC6710 /* EngineServiceTests.swift in Sources */,
				2A8D0C1F2522F394E68A9679 /* ExplorerAIExplanationServiceTests.swift in Sources */,
				F15B5D201B3999357726267B /* ExplorerCandidateDetailTests.swift in Sources */,
				D7774AC65826D44894EEE35C /* ExplorerEmergencyRecoveryPresentationTests.swift in Sources */,
				78A51594FA529010A6B9F989 /* ExplorerICloudLocalCopyTests.swift in Sources */,
				FA6286B07FD264E2A7D7A755 /* ExplorerPresentationTests.swift in Sources */,
				696B9C9944AE94B7A395BEC4 /* ExplorerSnapshotBrowserTests.swift in Sources */,
				A2E4B158E99A1B2E81F2BA46 /* ExplorerSnapshotHistoryTests.swift in Sources */,
				B2ED4AB5CB0E06A953CAD6BB /* ExplorerStorageCategoryPresentationTests.swift in Sources */,
				32B9F5154ED5BF5057AD265C /* ExplorerTreemapLayoutTests.swift in Sources */,
				FC8D3C5F78E92C1A2023D472 /* HomeScanAppModelTests.swift in Sources */,
				A2062D67920A74190DB90038 /* ICloudLocalCopyMetadataDriverTests.swift in Sources */,
				682874C2EF5117179FEF9FB0 /* ICloudLocalCopyRawFactReaderTests.swift in Sources */,
				0F73337C6F794206C51B9B7E /* LoginItemTests.swift in Sources */,
				C310092B690811A25EE68AA6 /* MaintenanceSchedulerTests.swift in Sources */,
				3C46D3A8CBE75A16588EE5CF /* MenuBarLabelModeTests.swift in Sources */,
				54A8ED9BB36CC23FC6A7A9E2 /* MenuBarPopoverPresentationTests.swift in Sources */,
				B51064C365EA8AE0DDBF40E2 /* MenuBarVisibilityTests.swift in Sources */,
				9A3DBDB965C8E210473C6490 /* NativeAIAnthropicMessagesV1OrchestratorTests.swift in Sources */,
				C277BE0D9A80047FB6527E54 /* NativeAIRemoteLifecycleTests.swift in Sources */,
				3B97B92A1826913CFEAC3ED5 /* NotificationAuthorizationTests.swift in Sources */,
				DF05169CA19C2B5B8B46A526 /* PermanentCleanupPolicyAppModelTests.swift in Sources */,
				EBB7BF01A450377B509DBF98 /* PermanentCleanupPolicyServiceTests.swift in Sources */,
				EE4142B2E95480842A3D2F6F /* PersistentRecoveryDebtTests.swift in Sources */,
				438EB93BF3570F714E9D697A /* ProjectDiscoveryRootsTests.swift in Sources */,
				DFE0C81F60CB8B06CA50A90E /* SnapshotRetentionCapTests.swift in Sources */,
				DCF5B8FBAFD549C1DE06FCA8 /* SnapshotReviewControllerTests.swift in Sources */,
				A22581AD0A835D4B3A091AB9 /* SparkleUpdateControllerTests.swift in Sources */,
				456155F7AC12D70B983601FD /* StorageAccessOnboardingTests.swift in Sources */,
				E0BB78AA27DBAE50E25F5AC1 /* TargetedReclaimScanTests.swift in Sources */,
				B5B300842B55B2131DB658FC /* VolumeMonitorTests.swift in Sources */,
			);
			runOnlyForDeploymentPostprocessing = 0;
		};
		2131515BF2CC6DED86BF3D0D /* Sources */ = {
			isa = PBXSourcesBuildPhase;
			buildActionMask = 2147483647;
			files = (
				2B234DD9D1C58565151FDFCA /* AIProviderCredentialStore.swift in Sources */,
				7F768043C3B2C3BAE65F87EA /* AIProviderSettingsModel.swift in Sources */,
				4E901AA7BD99C8CDF8762CB9 /* AnthropicMessagesV1Adapter.swift in Sources */,
				2DE25E271D830CD5F1372C3A /* AppActivation.swift in Sources */,
				03CCE3D63051DAED03CB23DE /* AppModel.swift in Sources */,
				18686331A2B756CD12599F22 /* AppRuntime.swift in Sources */,
				D1948288BB8C18A931312A59 /* AppScanState.swift in Sources */,
				694FEFE9E072EB001E1EC047 /* CLIInstallation.swift in Sources */,
				7C9EAF4A4F41FC7CA9BD9549 /* CLIInstallationModel.swift in Sources */,
				2A34729A372BB0884BB9DDB3 /* CLIInstallationSettingsView.swift in Sources */,
				2E993F52ED45F94E0CE505E1 /* CLIInstallerService.swift in Sources */,
				05F712D29B4F3BDF444C32B3 /* CapacityBar.swift in Sources */,
				6E80A759C1939343E81107EC /* CapacityResampleRouter.swift in Sources */,
				31B4EBAA95F5CC5C76F7A21A /* CapacitySamplingScheduler.swift in Sources */,
				633C5D342A153DA0592F1860 /* CleanupQualificationNotice.swift in Sources */,
				8EB5E1FF5FA4ABAE4C295889 /* DirectCargoEnrollment.swift in Sources */,
				9065342E80BC5CB37AE2993A /* DiskPressureNotification.swift in Sources */,
				4AF950C2A6897A027867C885 /* DiskPressurePolicy.swift in Sources */,
				B334563BD340D9E0B20D16D3 /* DuxApp.swift in Sources */,
				2647F71DC9189100B9FD3096 /* DuxAppDelegate.swift in Sources */,
				6D2CB0DD262B22CF018B0874 /* DuxFFI.swift in Sources */,
				A42B323E6AFBF9A52BF8EA68 /* DuxOwnedStorageFootprint.swift in Sources */,
				F882EEB3ADB88FE6415F3FEB /* DuxOwnedStorageFootprintSettingsModel.swift in Sources */,
				DA3D780367494E373C95CBD6 /* DuxOwnedStorageFootprintSettingsView.swift in Sources */,
				E0A86A133058832D8BCD65DF /* DuxSettingsView.swift in Sources */,
				60D2A4D746C6852A5DEC1421 /* DuxTheme.swift in Sources */,
				69E28EFAD6A4109B80F1FC0C /* EngineService.swift in Sources */,
				A3936C11E7E090E3BDA6E986 /* EngineStatus.swift in Sources */,
				67D666FCB5E6127348462DA6 /* ExplorerAIExplanation.swift in Sources */,
				F8312C57A5FC0BB18F00A005 /* ExplorerAIExplanationService.swift in Sources */,
				F13FF9D297B0C728370709E6 /* ExplorerAIExplanationView.swift in Sources */,
				6A5A0F77C152EF7A4AA0D8FC /* ExplorerAIMetadataPreview.swift in Sources */,
				073A264C3BD7A845162BCF45 /* ExplorerCandidateDetail.swift in Sources */,
				734E6C2B45369B887C963EC7 /* ExplorerEmergencyRecoveryPresentation.swift in Sources */,
				53E4E344AA91A0080059AFDE /* ExplorerICloudLocalCopy.swift in Sources */,
				3D92D4116CFA37C9023E161D /* ExplorerLiveFileActions.swift in Sources */,
				825D292E0E5963F2686862EB /* ExplorerPresentation.swift in Sources */,
				C19BB7F2B4E22421CDFECDB3 /* ExplorerRustTargetCleanupStatusView.swift in Sources */,
				658FFC54EFFE3CBD5757C421 /* ExplorerRustTargetPlanReview.swift in Sources */,
				53C29759B7F11F41AC74A3F7 /* ExplorerScanPresentation.swift in Sources */,
				7170FDE2CE91133179BABE41 /* ExplorerSnapshotBrowser.swift in Sources */,
				7F8BA1A15484B594CFEBBD5B /* ExplorerSnapshotBrowserView.swift in Sources */,
				C58B18B7C232C3CA8BA8AF22 /* ExplorerSnapshotDiff.swift in Sources */,
				1F9F08BE100F88BC1152E61C /* ExplorerSnapshotDiffAdapter.swift in Sources */,
				C4CC2B48AFD8309D5F052835 /* ExplorerSnapshotDiffView.swift in Sources */,
				C2C2DBC37D90A06A1A6A2485 /* ExplorerSnapshotHistory.swift in Sources */,
				B81A932FB1889CC54A9615E9 /* ExplorerSnapshotHistoryAdapter.swift in Sources */,
				1267FAE3D6B2CE2F14B4EA1E /* ExplorerSnapshotTreemapView.swift in Sources */,
				DA1ED81D9978B01C96F71C5B /* ExplorerStorageCategoryPresentation.swift in Sources */,
				5A7D9BDF524C846F223BB6F9 /* ExplorerStorageCategoryView.swift in Sources */,
				67FB40BBEEEFB481CBE219F9 /* ExplorerTreemapLayout.swift in Sources */,
				E81F7E7B392E1FC53DCA2694 /* ExplorerView.swift in Sources */,
				9AA4A97A210E1755232F468F /* HomeScanService.swift in Sources */,
				698472090431D386CAF67824 /* ICloudLocalCopyMetadataDriver.swift in Sources */,
				148382CD2E53F74DC7A1A154 /* ICloudLocalCopyRawFactReader.swift in Sources */,
				6C8DE5FAA7B917CB308B752A /* LoginItemService.swift in Sources */,
				D1CDD0944327D2028E123D47 /* LoginItemState.swift in Sources */,
				02F49E38EAA6B05B5B6E7BB0 /* MaintenanceScheduler.swift in Sources */,
				82252F3716D168BB22A360E9 /* MenuBarContentView.swift in Sources */,
				53A99BB7C2F6B03B07AE2CF6 /* MenuBarLabelMode.swift in Sources */,
				C7DCAA20F9922B9BB2764FB7 /* MenuBarPopoverPresentation.swift in Sources */,
				9A55E0195EA32915D5B991E1 /* MenuBarStatusLabel.swift in Sources */,
				42CD58B9CAC44FAE445C714F /* MenuBarVisibility.swift in Sources */,
				77B94D8E2E5446B7FCB06947 /* NativeAIAnthropicMessagesV1Orchestrator.swift in Sources */,
				F98AE551A0800EF119A7FF70 /* NativeAIRemoteLifecycle.swift in Sources */,
				A0C7722803205A5B40CF76E9 /* NotificationAuthorizationState.swift in Sources */,
				041D8F8DA2BD852A65EECE10 /* NotificationService.swift in Sources */,
				162BDDE7A346B6054D610B04 /* PermanentCleanupPolicy.swift in Sources */,
				AB825F41BF25AC2558888B64 /* PersistentRecoveryDebt.swift in Sources */,
				BC528A118C87D8300F2D9E67 /* ProjectDiscoveryRoots.swift in Sources */,
				67976B691917A5B51F6CFA1A /* SnapshotRetentionCap.swift in Sources */,
				6395D03FA99BF89464308B21 /* SnapshotRetentionCapSettingsModel.swift in Sources */,
				76EC0E5E418307DAD3E7E538 /* SnapshotRetentionCapSettingsView.swift in Sources */,
				80066EDFA86C1475A5BEE0CD /* SnapshotReviewController.swift in Sources */,
				3A823D147F714E369CEBFC1D /* SparkleUpdateController.swift in Sources */,
				BE0C954C7F8D9F0F5F93D63E /* StorageAccessOnboarding.swift in Sources */,
				D026D7FC625D6956F4293FF2 /* StorageAccessProbeService.swift in Sources */,
				5B2704582F4A5212DD5009FA /* TargetedReclaimScan.swift in Sources */,
				FF16E00002EB5CBC2AEBB6D1 /* VolumeCapacitySnapshot.swift in Sources */,
				B184EB4EE1399E7D26F41D7B /* VolumeMonitor.swift in Sources */,
			);
			runOnlyForDeploymentPostprocessing = 0;
		};
		FB434F01DE265ADE92D486BE /* Sources */ = {
			isa = PBXSourcesBuildPhase;
			buildActionMask = 2147483647;
			files = (
				26134D02496F2DF5D2E65343 /* ICloudIdentityQualificationHarness.swift in Sources */,
				D13F735EB3E2F0370D8A27FF /* ICloudIdentityQualificationReaderTests.swift in Sources */,
				EDEFC4C0E9FBCA36F1A321B7 /* ICloudLocalCopyRawFactReader.swift in Sources */,
				CA34FAC1C02FC6930CD9B5FB /* ICloudV58ReadOnlyQualificationTests.swift in Sources */,
			);
			runOnlyForDeploymentPostprocessing = 0;
		};
/* End PBXSourcesBuildPhase section */

/* Begin PBXTargetDependency section */
		F9A0AC901794630A959E4702 /* PBXTargetDependency */ = {
			isa = PBXTargetDependency;
			target = E9998AED5B26818E5AE9FFBF /* Dux */;
			targetProxy = F135989ACC663FA2F5287C71 /* PBXContainerItemProxy */;
		};
/* End PBXTargetDependency section */

/* Begin XCBuildConfiguration section */
		28AF8CCDEED2636853800237 /* CleanupQualification */ = {
			isa = XCBuildConfiguration;
			buildSettings = {
				BUNDLE_LOADER = "$(TEST_HOST)";
				COMBINE_HIDPI_IMAGES = YES;
				GENERATE_INFOPLIST_FILE = YES;
				LD_RUNPATH_SEARCH_PATHS = (
					"$(inherited)",
					"@executable_path/../Frameworks",
					"@loader_path/../Frameworks",
				);
				MACOSX_DEPLOYMENT_TARGET = 14.0;
				PRODUCT_BUNDLE_IDENTIFIER = "se.mjukis.dux.icloud-read-only-qualification.tests";
				SDKROOT = macosx;
				SWIFT_ACTIVE_COMPILATION_CONDITIONS = "$(inherited) DUX_ICLOUD_READ_ONLY_QUALIFICATION";
				SWIFT_STRICT_CONCURRENCY = complete;
				SWIFT_VERSION = 6.0;
			};
			name = CleanupQualification;
		};
		2F044481BCDCF04E57E10E16 /* Release */ = {
			isa = XCBuildConfiguration;
			buildSettings = {
				BUNDLE_LOADER = "$(TEST_HOST)";
				COMBINE_HIDPI_IMAGES = YES;
				GENERATE_INFOPLIST_FILE = YES;
				LD_RUNPATH_SEARCH_PATHS = (
					"$(inherited)",
					"@executable_path/../Frameworks",
					"@loader_path/../Frameworks",
				);
				PRODUCT_BUNDLE_IDENTIFIER = se.mjukis.dux.spike.tests;
				SDKROOT = macosx;
				SWIFT_STRICT_CONCURRENCY = complete;
				SWIFT_VERSION = 6.0;
				TEST_HOST = "$(BUILT_PRODUCTS_DIR)/DUX.app/Contents/MacOS/DUX";
			};
			name = Release;
		};
		2F8617C80C4D3F28C73D60A1 /* Debug */ = {
			isa = XCBuildConfiguration;
			buildSettings = {
				BUNDLE_LOADER = "$(TEST_HOST)";
				COMBINE_HIDPI_IMAGES = YES;
				GENERATE_INFOPLIST_FILE = YES;
				LD_RUNPATH_SEARCH_PATHS = (
					"$(inherited)",
					"@executable_path/../Frameworks",
					"@loader_path/../Frameworks",
				);
				MACOSX_DEPLOYMENT_TARGET = 14.0;
				PRODUCT_BUNDLE_IDENTIFIER = "se.mjukis.dux.icloud-read-only-qualification.tests";
				SDKROOT = macosx;
				SWIFT_ACTIVE_COMPILATION_CONDITIONS = "$(inherited) DUX_ICLOUD_READ_ONLY_QUALIFICATION";
				SWIFT_STRICT_CONCURRENCY = complete;
				SWIFT_VERSION = 6.0;
			};
			name = Debug;
		};
		40AFD20B8CD32841DAEA59C6 /* Release */ = {
			isa = XCBuildConfiguration;
			buildSettings = {
				ASSETCATALOG_COMPILER_APPICON_NAME = AppIcon;
				CODE_SIGN_ENTITLEMENTS = Config/Release.entitlements;
				COMBINE_HIDPI_IMAGES = YES;
				DEAD_CODE_STRIPPING = YES;
				DEVELOPMENT_TEAM = SMQ3E8Y57T;
				DUX_CLEANUP_QUALIFICATION_PROTOCOL_VERSION = 0;
				DUX_CLEANUP_QUALIFICATION_SOURCE_COMMIT = none;
				DUX_DISPLAY_NAME = DUX;
				ENABLE_HARDENED_RUNTIME = YES;
				FRAMEWORK_SEARCH_PATHS = (
					"$(inherited)",
					"\"Generated\"",
				);
				GENERATE_INFOPLIST_FILE = YES;
				INFOPLIST_FILE = Dux/Info.plist;
				INFOPLIST_KEY_CFBundleDisplayName = "$(DUX_DISPLAY_NAME)";
				INFOPLIST_KEY_LSUIElement = YES;
				LD_RUNPATH_SEARCH_PATHS = (
					"$(inherited)",
					"@executable_path/../Frameworks",
				);
				MACOSX_DEPLOYMENT_TARGET = 14.0;
				PRODUCT_BUNDLE_IDENTIFIER = se.mjukis.dux;
				PRODUCT_NAME = DUX;
				SDKROOT = macosx;
				SWIFT_STRICT_CONCURRENCY = complete;
				SWIFT_VERSION = 6.0;
			};
			name = Release;
		};
		5C4085E3332CD4A3143D897C /* CleanupQualification */ = {
			isa = XCBuildConfiguration;
			buildSettings = {
				ALWAYS_SEARCH_USER_PATHS = NO;
				CLANG_ANALYZER_NONNULL = YES;
				CLANG_ANALYZER_NUMBER_OBJECT_CONVERSION = YES_AGGRESSIVE;
				CLANG_CXX_LANGUAGE_STANDARD = "gnu++14";
				CLANG_CXX_LIBRARY = "libc++";
				CLANG_ENABLE_MODULES = YES;
				CLANG_ENABLE_OBJC_ARC = YES;
				CLANG_ENABLE_OBJC_WEAK = YES;
				CLANG_WARN_BLOCK_CAPTURE_AUTORELEASING = YES;
				CLANG_WARN_BOOL_CONVERSION = YES;
				CLANG_WARN_COMMA = YES;
				CLANG_WARN_CONSTANT_CONVERSION = YES;
				CLANG_WARN_DEPRECATED_OBJC_IMPLEMENTATIONS = YES;
				CLANG_WARN_DIRECT_OBJC_ISA_USAGE = YES_ERROR;
				CLANG_WARN_DOCUMENTATION_COMMENTS = YES;
				CLANG_WARN_EMPTY_BODY = YES;
				CLANG_WARN_ENUM_CONVERSION = YES;
				CLANG_WARN_INFINITE_RECURSION = YES;
				CLANG_WARN_INT_CONVERSION = YES;
				CLANG_WARN_NON_LITERAL_NULL_CONVERSION = YES;
				CLANG_WARN_OBJC_IMPLICIT_RETAIN_SELF = YES;
				CLANG_WARN_OBJC_LITERAL_CONVERSION = YES;
				CLANG_WARN_OBJC_ROOT_CLASS = YES_ERROR;
				CLANG_WARN_QUOTED_INCLUDE_IN_FRAMEWORK_HEADER = YES;
				CLANG_WARN_RANGE_LOOP_ANALYSIS = YES;
				CLANG_WARN_STRICT_PROTOTYPES = YES;
				CLANG_WARN_SUSPICIOUS_MOVE = YES;
				CLANG_WARN_UNGUARDED_AVAILABILITY = YES_AGGRESSIVE;
				CLANG_WARN_UNREACHABLE_CODE = YES;
				CLANG_WARN__DUPLICATE_METHOD_MATCH = YES;
				COPY_PHASE_STRIP = NO;
				DEBUG_INFORMATION_FORMAT = "dwarf-with-dsym";
				ENABLE_NS_ASSERTIONS = NO;
				ENABLE_STRICT_OBJC_MSGSEND = YES;
				GCC_C_LANGUAGE_STANDARD = gnu11;
				GCC_NO_COMMON_BLOCKS = YES;
				GCC_WARN_64_TO_32_BIT_CONVERSION = YES;
				GCC_WARN_ABOUT_RETURN_TYPE = YES_ERROR;
				GCC_WARN_UNDECLARED_SELECTOR = YES;
				GCC_WARN_UNINITIALIZED_AUTOS = YES_AGGRESSIVE;
				GCC_WARN_UNUSED_FUNCTION = YES;
				GCC_WARN_UNUSED_VARIABLE = YES;
				MACOSX_DEPLOYMENT_TARGET = 14.0;
				MTL_ENABLE_DEBUG_INFO = NO;
				MTL_FAST_MATH = YES;
				PRODUCT_NAME = "$(TARGET_NAME)";
				SDKROOT = macosx;
				SWIFT_COMPILATION_MODE = wholemodule;
				SWIFT_OPTIMIZATION_LEVEL = "-O";
				SWIFT_VERSION = 5.0;
			};
			name = CleanupQualification;
		};
		625AB093DAA3063E81B3D235 /* Release */ = {
			isa = XCBuildConfiguration;
			buildSettings = {
				ALWAYS_SEARCH_USER_PATHS = NO;
				CLANG_ANALYZER_NONNULL = YES;
				CLANG_ANALYZER_NUMBER_OBJECT_CONVERSION = YES_AGGRESSIVE;
				CLANG_CXX_LANGUAGE_STANDARD = "gnu++14";
				CLANG_CXX_LIBRARY = "libc++";
				CLANG_ENABLE_MODULES = YES;
				CLANG_ENABLE_OBJC_ARC = YES;
				CLANG_ENABLE_OBJC_WEAK = YES;
				CLANG_WARN_BLOCK_CAPTURE_AUTORELEASING = YES;
				CLANG_WARN_BOOL_CONVERSION = YES;
				CLANG_WARN_COMMA = YES;
				CLANG_WARN_CONSTANT_CONVERSION = YES;
				CLANG_WARN_DEPRECATED_OBJC_IMPLEMENTATIONS = YES;
				CLANG_WARN_DIRECT_OBJC_ISA_USAGE = YES_ERROR;
				CLANG_WARN_DOCUMENTATION_COMMENTS = YES;
				CLANG_WARN_EMPTY_BODY = YES;
				CLANG_WARN_ENUM_CONVERSION = YES;
				CLANG_WARN_INFINITE_RECURSION = YES;
				CLANG_WARN_INT_CONVERSION = YES;
				CLANG_WARN_NON_LITERAL_NULL_CONVERSION = YES;
				CLANG_WARN_OBJC_IMPLICIT_RETAIN_SELF = YES;
				CLANG_WARN_OBJC_LITERAL_CONVERSION = YES;
				CLANG_WARN_OBJC_ROOT_CLASS = YES_ERROR;
				CLANG_WARN_QUOTED_INCLUDE_IN_FRAMEWORK_HEADER = YES;
				CLANG_WARN_RANGE_LOOP_ANALYSIS = YES;
				CLANG_WARN_STRICT_PROTOTYPES = YES;
				CLANG_WARN_SUSPICIOUS_MOVE = YES;
				CLANG_WARN_UNGUARDED_AVAILABILITY = YES_AGGRESSIVE;
				CLANG_WARN_UNREACHABLE_CODE = YES;
				CLANG_WARN__DUPLICATE_METHOD_MATCH = YES;
				COPY_PHASE_STRIP = NO;
				DEBUG_INFORMATION_FORMAT = "dwarf-with-dsym";
				ENABLE_NS_ASSERTIONS = NO;
				ENABLE_STRICT_OBJC_MSGSEND = YES;
				GCC_C_LANGUAGE_STANDARD = gnu11;
				GCC_NO_COMMON_BLOCKS = YES;
				GCC_WARN_64_TO_32_BIT_CONVERSION = YES;
				GCC_WARN_ABOUT_RETURN_TYPE = YES_ERROR;
				GCC_WARN_UNDECLARED_SELECTOR = YES;
				GCC_WARN_UNINITIALIZED_AUTOS = YES_AGGRESSIVE;
				GCC_WARN_UNUSED_FUNCTION = YES;
				GCC_WARN_UNUSED_VARIABLE = YES;
				MACOSX_DEPLOYMENT_TARGET = 14.0;
				MTL_ENABLE_DEBUG_INFO = NO;
				MTL_FAST_MATH = YES;
				PRODUCT_NAME = "$(TARGET_NAME)";
				SDKROOT = macosx;
				SWIFT_COMPILATION_MODE = wholemodule;
				SWIFT_OPTIMIZATION_LEVEL = "-O";
				SWIFT_VERSION = 5.0;
			};
			name = Release;
		};
		7A62495722C34D9758C60525 /* Release */ = {
			isa = XCBuildConfiguration;
			buildSettings = {
				BUNDLE_LOADER = "$(TEST_HOST)";
				COMBINE_HIDPI_IMAGES = YES;
				GENERATE_INFOPLIST_FILE = YES;
				LD_RUNPATH_SEARCH_PATHS = (
					"$(inherited)",
					"@executable_path/../Frameworks",
					"@loader_path/../Frameworks",
				);
				MACOSX_DEPLOYMENT_TARGET = 14.0;
				PRODUCT_BUNDLE_IDENTIFIER = "se.mjukis.dux.icloud-read-only-qualification.tests";
				SDKROOT = macosx;
				SWIFT_ACTIVE_COMPILATION_CONDITIONS = "$(inherited) DUX_ICLOUD_READ_ONLY_QUALIFICATION";
				SWIFT_STRICT_CONCURRENCY = complete;
				SWIFT_VERSION = 6.0;
			};
			name = Release;
		};
		8A6C413B3D9B6A2E9A6B914B /* CleanupQualification */ = {
			isa = XCBuildConfiguration;
			buildSettings = {
				BUNDLE_LOADER = "$(TEST_HOST)";
				COMBINE_HIDPI_IMAGES = YES;
				GENERATE_INFOPLIST_FILE = YES;
				LD_RUNPATH_SEARCH_PATHS = (
					"$(inherited)",
					"@executable_path/../Frameworks",
					"@loader_path/../Frameworks",
				);
				PRODUCT_BUNDLE_IDENTIFIER = se.mjukis.dux.spike.tests;
				SDKROOT = macosx;
				SWIFT_STRICT_CONCURRENCY = complete;
				SWIFT_VERSION = 6.0;
				TEST_HOST = "$(BUILT_PRODUCTS_DIR)/DUX.app/Contents/MacOS/DUX";
			};
			name = CleanupQualification;
		};
		9E4838604083A0AA43A1EB9D /* Debug */ = {
			isa = XCBuildConfiguration;
			buildSettings = {
				ASSETCATALOG_COMPILER_APPICON_NAME = AppIcon;
				COMBINE_HIDPI_IMAGES = YES;
				DEAD_CODE_STRIPPING = YES;
				DUX_CLEANUP_QUALIFICATION_PROTOCOL_VERSION = 0;
				DUX_CLEANUP_QUALIFICATION_SOURCE_COMMIT = none;
				DUX_DISPLAY_NAME = DUX;
				ENABLE_HARDENED_RUNTIME = YES;
				FRAMEWORK_SEARCH_PATHS = (
					"$(inherited)",
					"\"Generated\"",
				);
				GENERATE_INFOPLIST_FILE = YES;
				INFOPLIST_FILE = Dux/Info.plist;
				INFOPLIST_KEY_CFBundleDisplayName = "$(DUX_DISPLAY_NAME)";
				INFOPLIST_KEY_LSUIElement = YES;
				LD_RUNPATH_SEARCH_PATHS = (
					"$(inherited)",
					"@executable_path/../Frameworks",
				);
				MACOSX_DEPLOYMENT_TARGET = 14.0;
				PRODUCT_BUNDLE_IDENTIFIER = se.mjukis.dux.spike;
				PRODUCT_NAME = DUX;
				SDKROOT = macosx;
				SWIFT_ACTIVE_COMPILATION_CONDITIONS = "$(inherited) DUX_INTERNAL_PERMANENT_SAFE_CLEANUP";
				SWIFT_STRICT_CONCURRENCY = complete;
				SWIFT_VERSION = 6.0;
			};
			name = Debug;
		};
		B36479BDF54E9041C4A2D7BE /* Debug */ = {
			isa = XCBuildConfiguration;
			buildSettings = {
				BUNDLE_LOADER = "$(TEST_HOST)";
				COMBINE_HIDPI_IMAGES = YES;
				GENERATE_INFOPLIST_FILE = YES;
				LD_RUNPATH_SEARCH_PATHS = (
					"$(inherited)",
					"@executable_path/../Frameworks",
					"@loader_path/../Frameworks",
				);
				PRODUCT_BUNDLE_IDENTIFIER = se.mjukis.dux.spike.tests;
				SDKROOT = macosx;
				SWIFT_STRICT_CONCURRENCY = complete;
				SWIFT_VERSION = 6.0;
				TEST_HOST = "$(BUILT_PRODUCTS_DIR)/DUX.app/Contents/MacOS/DUX";
			};
			name = Debug;
		};
		D607D36CA92CAEE87FB91143 /* Debug */ = {
			isa = XCBuildConfiguration;
			buildSettings = {
				ALWAYS_SEARCH_USER_PATHS = NO;
				CLANG_ANALYZER_NONNULL = YES;
				CLANG_ANALYZER_NUMBER_OBJECT_CONVERSION = YES_AGGRESSIVE;
				CLANG_CXX_LANGUAGE_STANDARD = "gnu++14";
				CLANG_CXX_LIBRARY = "libc++";
				CLANG_ENABLE_MODULES = YES;
				CLANG_ENABLE_OBJC_ARC = YES;
				CLANG_ENABLE_OBJC_WEAK = YES;
				CLANG_WARN_BLOCK_CAPTURE_AUTORELEASING = YES;
				CLANG_WARN_BOOL_CONVERSION = YES;
				CLANG_WARN_COMMA = YES;
				CLANG_WARN_CONSTANT_CONVERSION = YES;
				CLANG_WARN_DEPRECATED_OBJC_IMPLEMENTATIONS = YES;
				CLANG_WARN_DIRECT_OBJC_ISA_USAGE = YES_ERROR;
				CLANG_WARN_DOCUMENTATION_COMMENTS = YES;
				CLANG_WARN_EMPTY_BODY = YES;
				CLANG_WARN_ENUM_CONVERSION = YES;
				CLANG_WARN_INFINITE_RECURSION = YES;
				CLANG_WARN_INT_CONVERSION = YES;
				CLANG_WARN_NON_LITERAL_NULL_CONVERSION = YES;
				CLANG_WARN_OBJC_IMPLICIT_RETAIN_SELF = YES;
				CLANG_WARN_OBJC_LITERAL_CONVERSION = YES;
				CLANG_WARN_OBJC_ROOT_CLASS = YES_ERROR;
				CLANG_WARN_QUOTED_INCLUDE_IN_FRAMEWORK_HEADER = YES;
				CLANG_WARN_RANGE_LOOP_ANALYSIS = YES;
				CLANG_WARN_STRICT_PROTOTYPES = YES;
				CLANG_WARN_SUSPICIOUS_MOVE = YES;
				CLANG_WARN_UNGUARDED_AVAILABILITY = YES_AGGRESSIVE;
				CLANG_WARN_UNREACHABLE_CODE = YES;
				CLANG_WARN__DUPLICATE_METHOD_MATCH = YES;
				COPY_PHASE_STRIP = NO;
				DEBUG_INFORMATION_FORMAT = dwarf;
				ENABLE_STRICT_OBJC_MSGSEND = YES;
				ENABLE_TESTABILITY = YES;
				GCC_C_LANGUAGE_STANDARD = gnu11;
				GCC_DYNAMIC_NO_PIC = NO;
				GCC_NO_COMMON_BLOCKS = YES;
				GCC_OPTIMIZATION_LEVEL = 0;
				GCC_PREPROCESSOR_DEFINITIONS = (
					"$(inherited)",
					"DEBUG=1",
				);
				GCC_WARN_64_TO_32_BIT_CONVERSION = YES;
				GCC_WARN_ABOUT_RETURN_TYPE = YES_ERROR;
				GCC_WARN_UNDECLARED_SELECTOR = YES;
				GCC_WARN_UNINITIALIZED_AUTOS = YES_AGGRESSIVE;
				GCC_WARN_UNUSED_FUNCTION = YES;
				GCC_WARN_UNUSED_VARIABLE = YES;
				MACOSX_DEPLOYMENT_TARGET = 14.0;
				MTL_ENABLE_DEBUG_INFO = INCLUDE_SOURCE;
				MTL_FAST_MATH = YES;
				ONLY_ACTIVE_ARCH = YES;
				PRODUCT_NAME = "$(TARGET_NAME)";
				SDKROOT = macosx;
				SWIFT_ACTIVE_COMPILATION_CONDITIONS = DEBUG;
				SWIFT_OPTIMIZATION_LEVEL = "-Onone";
				SWIFT_VERSION = 5.0;
			};
			name = Debug;
		};
		DDE5839C98EBD8E2A6AE306D /* CleanupQualification */ = {
			isa = XCBuildConfiguration;
			buildSettings = {
				ASSETCATALOG_COMPILER_APPICON_NAME = AppIcon;
				CODE_SIGN_ENTITLEMENTS = Config/Release.entitlements;
				COMBINE_HIDPI_IMAGES = YES;
				DEAD_CODE_STRIPPING = YES;
				DEVELOPMENT_TEAM = SMQ3E8Y57T;
				DUX_CLEANUP_QUALIFICATION_PROTOCOL_VERSION = 1;
				DUX_CLEANUP_QUALIFICATION_SOURCE_COMMIT = none;
				DUX_DISPLAY_NAME = "DUX Cleanup Qualification";
				ENABLE_HARDENED_RUNTIME = YES;
				FRAMEWORK_SEARCH_PATHS = (
					"$(inherited)",
					"\"Generated\"",
				);
				GENERATE_INFOPLIST_FILE = YES;
				INFOPLIST_FILE = Dux/Info.plist;
				INFOPLIST_KEY_CFBundleDisplayName = "$(DUX_DISPLAY_NAME)";
				INFOPLIST_KEY_LSUIElement = YES;
				LD_RUNPATH_SEARCH_PATHS = (
					"$(inherited)",
					"@executable_path/../Frameworks",
				);
				MACOSX_DEPLOYMENT_TARGET = 14.0;
				PRODUCT_BUNDLE_IDENTIFIER = se.mjukis.dux;
				PRODUCT_NAME = DUX;
				SDKROOT = macosx;
				SWIFT_ACTIVE_COMPILATION_CONDITIONS = "$(inherited) DUX_INTERNAL_PERMANENT_SAFE_CLEANUP DUX_CLEANUP_QUALIFICATION";
				SWIFT_STRICT_CONCURRENCY = complete;
				SWIFT_VERSION = 6.0;
			};
			name = CleanupQualification;
		};
/* End XCBuildConfiguration section */

/* Begin XCConfigurationList section */
		092210A9033393BD82F2A0F4 /* Build configuration list for PBXProject "Dux" */ = {
			isa = XCConfigurationList;
			buildConfigurations = (
				5C4085E3332CD4A3143D897C /* CleanupQualification */,
				D607D36CA92CAEE87FB91143 /* Debug */,
				625AB093DAA3063E81B3D235 /* Release */,
			);
			defaultConfigurationIsVisible = 0;
			defaultConfigurationName = Debug;
		};
		35E9A1B5F5E1F32199F14A8B /* Build configuration list for PBXNativeTarget "DuxTests" */ = {
			isa = XCConfigurationList;
			buildConfigurations = (
				8A6C413B3D9B6A2E9A6B914B /* CleanupQualification */,
				B36479BDF54E9041C4A2D7BE /* Debug */,
				2F044481BCDCF04E57E10E16 /* Release */,
			);
			defaultConfigurationIsVisible = 0;
			defaultConfigurationName = Debug;
		};
		57B2EBEB4B08DD6F7000A8BD /* Build configuration list for PBXNativeTarget "DuxICloudQualificationTests" */ = {
			isa = XCConfigurationList;
			buildConfigurations = (
				28AF8CCDEED2636853800237 /* CleanupQualification */,
				2F8617C80C4D3F28C73D60A1 /* Debug */,
				7A62495722C34D9758C60525 /* Release */,
			);
			defaultConfigurationIsVisible = 0;
			defaultConfigurationName = Debug;
		};
		767BAA77480639B1969308BD /* Build configuration list for PBXNativeTarget "Dux" */ = {
			isa = XCConfigurationList;
			buildConfigurations = (
				DDE5839C98EBD8E2A6AE306D /* CleanupQualification */,
				9E4838604083A0AA43A1EB9D /* Debug */,
				40AFD20B8CD32841DAEA59C6 /* Release */,
			);
			defaultConfigurationIsVisible = 0;
			defaultConfigurationName = Debug;
		};
/* End XCConfigurationList section */

/* Begin XCRemoteSwiftPackageReference section */
		70CB3C3A8F9D07A06DC59B14 /* XCRemoteSwiftPackageReference "Sparkle" */ = {
			isa = XCRemoteSwiftPackageReference;
			repositoryURL = "https://github.com/sparkle-project/Sparkle";
			requirement = {
				kind = exactVersion;
				version = 2.9.5;
			};
		};
/* End XCRemoteSwiftPackageReference section */

/* Begin XCSwiftPackageProductDependency section */
		C238BEC65D3EACCEBB98BF5B /* Sparkle */ = {
			isa = XCSwiftPackageProductDependency;
			package = 70CB3C3A8F9D07A06DC59B14 /* XCRemoteSwiftPackageReference "Sparkle" */;
			productName = Sparkle;
		};
/* End XCSwiftPackageProductDependency section */
	};
	rootObject = 03147346CE8BA5C1694FBBE4 /* Project object */;
}
